// !$*UTF8*$!
{
	archiveVersion = 1;
	classes = {
	};
	objectVersion = 46;
	objects = {

/* Begin PBXBuildFile section */
		59490AC91CEF274A00679BE2 /* AppDelegate.swift in Sources */ = {isa = PBXBuildFile; fileRef = 59490AC81CEF274A00679BE2 /* AppDelegate.swift */; };
		59490ACE1CEF274A00679BE2 /* Meme_Maker_Mac.xcdatamodeld in Sources */ = {isa = PBXBuildFile; fileRef = 59490ACC1CEF274A00679BE2 /* Meme_Maker_Mac.xcdatamodeld */; };
		59490AD01CEF274A00679BE2 /* Assets.xcassets in Resources */ = {isa = PBXBuildFile; fileRef = 59490ACF1CEF274A00679BE2 /* Assets.xcassets */; };
		59490AD31CEF274A00679BE2 /* Main.storyboard in Resources */ = {isa = PBXBuildFile; fileRef = 59490AD11CEF274A00679BE2 /* Main.storyboard */; };
		59490ADE1CEF274A00679BE2 /* Meme_Maker_MacTests.swift in Sources */ = {isa = PBXBuildFile; fileRef = 59490ADD1CEF274A00679BE2 /* Meme_Maker_MacTests.swift */; };
		59490AE91CEF274A00679BE2 /* Meme_Maker_MacUITests.swift in Sources */ = {isa = PBXBuildFile; fileRef = 59490AE81CEF274A00679BE2 /* Meme_Maker_MacUITests.swift */; };
		59490AFC1CEF282300679BE2 /* ViewController.swift in Sources */ = {isa = PBXBuildFile; fileRef = 59490AFB1CEF282300679BE2 /* ViewController.swift */; };
		59490AFE1CEF283100679BE2 /* WindowController.swift in Sources */ = {isa = PBXBuildFile; fileRef = 59490AFD1CEF283100679BE2 /* WindowController.swift */; };
		59490B021CEF335500679BE2 /* GridCollectionViewItem.swift in Sources */ = {isa = PBXBuildFile; fileRef = 59490B001CEF335500679BE2 /* GridCollectionViewItem.swift */; };
		59490B031CEF335500679BE2 /* GridCollectionViewItem.xib in Resources */ = {isa = PBXBuildFile; fileRef = 59490B011CEF335500679BE2 /* GridCollectionViewItem.xib */; };
		59490B061CEF336200679BE2 /* ListCollectionViewItel.swift in Sources */ = {isa = PBXBuildFile; fileRef = 59490B041CEF336200679BE2 /* ListCollectionViewItel.swift */; };
		59490B071CEF336200679BE2 /* ListCollectionViewItel.xib in Resources */ = {isa = PBXBuildFile; fileRef = 59490B051CEF336200679BE2 /* ListCollectionViewItel.xib */; };
		59FA74C61CF318C600C39BCF /* BaseCollectionViewItem.swift in Sources */ = {isa = PBXBuildFile; fileRef = 59FA74C51CF318C600C39BCF /* BaseCollectionViewItem.swift */; };
		59FA74D01CF3199400C39BCF /* XMeme.swift in Sources */ = {isa = PBXBuildFile; fileRef = 59FA74C91CF3199400C39BCF /* XMeme.swift */; };
		59FA74D11CF3199400C39BCF /* XMeme+CoreDataProperties.swift in Sources */ = {isa = PBXBuildFile; fileRef = 59FA74CA1CF3199400C39BCF /* XMeme+CoreDataProperties.swift */; };
		59FA74D21CF3199400C39BCF /* XTextAttributes.swift in Sources */ = {isa = PBXBuildFile; fileRef = 59FA74CB1CF3199400C39BCF /* XTextAttributes.swift */; };
		59FA74D81CF3199D00C39BCF /* defaultMemes.dat in Resources */ = {isa = PBXBuildFile; fileRef = 59FA74D61CF3199D00C39BCF /* defaultMemes.dat */; };
		59FA74D91CF3199D00C39BCF /* defaultMemes.zip in Resources */ = {isa = PBXBuildFile; fileRef = 59FA74D71CF3199D00C39BCF /* defaultMemes.zip */; };
		59FA74DB1CF31B6300C39BCF /* PrefixHeader.swift in Sources */ = {isa = PBXBuildFile; fileRef = 59FA74DA1CF31B6300C39BCF /* PrefixHeader.swift */; };
		59FA74DD1CF31C0F00C39BCF /* SettingsManager.swift in Sources */ = {isa = PBXBuildFile; fileRef = 59FA74DC1CF31C0F00C39BCF /* SettingsManager.swift */; };
		AA226EDF462C56A3B02506C6 /* Pods_Meme_Maker_Mac.framework in Frameworks */ = {isa = PBXBuildFile; fileRef = BD40F2C0E915C28C13E4A6C3 /* Pods_Meme_Maker_Mac.framework */; };
/* End PBXBuildFile section */

/* Begin PBXContainerItemProxy section */
		59490ADA1CEF274A00679BE2 /* PBXContainerItemProxy */ = {
			isa = PBXContainerItemProxy;
			containerPortal = 59490ABD1CEF274A00679BE2 /* Project object */;
			proxyType = 1;
			remoteGlobalIDString = 59490AC41CEF274A00679BE2;
			remoteInfo = "Meme Maker Mac";
		};
		59490AE51CEF274A00679BE2 /* PBXContainerItemProxy */ = {
			isa = PBXContainerItemProxy;
			containerPortal = 59490ABD1CEF274A00679BE2 /* Project object */;
			proxyType = 1;
			remoteGlobalIDString = 59490AC41CEF274A00679BE2;
			remoteInfo = "Meme Maker Mac";
		};
/* End PBXContainerItemProxy section */

/* Begin PBXFileReference section */
		59490AC51CEF274A00679BE2 /* Meme Maker Mac.app */ = {isa = PBXFileReference; explicitFileType = wrapper.application; includeInIndex = 0; path = "Meme Maker Mac.app"; sourceTree = BUILT_PRODUCTS_DIR; };
		59490AC81CEF274A00679BE2 /* AppDelegate.swift */ = {isa = PBXFileReference; lastKnownFileType = sourcecode.swift; path = AppDelegate.swift; sourceTree = "<group>"; };
		59490ACD1CEF274A00679BE2 /* Meme_Maker_Mac.xcdatamodel */ = {isa = PBXFileReference; lastKnownFileType = wrapper.xcdatamodel; path = Meme_Maker_Mac.xcdatamodel; sourceTree = "<group>"; };
		59490ACF1CEF274A00679BE2 /* Assets.xcassets */ = {isa = PBXFileReference; lastKnownFileType = folder.assetcatalog; path = Assets.xcassets; sourceTree = "<group>"; };
		59490AD21CEF274A00679BE2 /* Base */ = {isa = PBXFileReference; lastKnownFileType = file.storyboard; name = Base; path = Base.lproj/Main.storyboard; sourceTree = "<group>"; };
		59490AD41CEF274A00679BE2 /* Info.plist */ = {isa = PBXFileReference; lastKnownFileType = text.plist.xml; path = Info.plist; sourceTree = "<group>"; };
		59490AD91CEF274A00679BE2 /* Meme Maker MacTests.xctest */ = {isa = PBXFileReference; explicitFileType = wrapper.cfbundle; includeInIndex = 0; path = "Meme Maker MacTests.xctest"; sourceTree = BUILT_PRODUCTS_DIR; };
		59490ADD1CEF274A00679BE2 /* Meme_Maker_MacTests.swift */ = {isa = PBXFileReference; lastKnownFileType = sourcecode.swift; path = Meme_Maker_MacTests.swift; sourceTree = "<group>"; };
		59490ADF1CEF274A00679BE2 /* Info.plist */ = {isa = PBXFileReference; lastKnownFileType = text.plist.xml; path = Info.plist; sourceTree = "<group>"; };
		59490AE41CEF274A00679BE2 /* Meme Maker MacUITests.xctest */ = {isa = PBXFileReference; explicitFileType = wrapper.cfbundle; includeInIndex = 0; path = "Meme Maker MacUITests.xctest"; sourceTree = BUILT_PRODUCTS_DIR; };
		59490AE81CEF274A00679BE2 /* Meme_Maker_MacUITests.swift */ = {isa = PBXFileReference; lastKnownFileType = sourcecode.swift; path = Meme_Maker_MacUITests.swift; sourceTree = "<group>"; };
		59490AEA1CEF274A00679BE2 /* Info.plist */ = {isa = PBXFileReference; lastKnownFileType = text.plist.xml; path = Info.plist; sourceTree = "<group>"; };
		59490AFB1CEF282300679BE2 /* ViewController.swift */ = {isa = PBXFileReference; fileEncoding = 4; lastKnownFileType = sourcecode.swift; name = ViewController.swift; path = Controllers/ViewController.swift; sourceTree = "<group>"; };
		59490AFD1CEF283100679BE2 /* WindowController.swift */ = {isa = PBXFileReference; fileEncoding = 4; lastKnownFileType = sourcecode.swift; name = WindowController.swift; path = Controllers/WindowController.swift; sourceTree = "<group>"; };
		59490B001CEF335500679BE2 /* GridCollectionViewItem.swift */ = {isa = PBXFileReference; fileEncoding = 4; lastKnownFileType = sourcecode.swift; name = GridCollectionViewItem.swift; path = Views/Cells/GridCollectionViewItem.swift; sourceTree = "<group>"; };
		59490B011CEF335500679BE2 /* GridCollectionViewItem.xib */ = {isa = PBXFileReference; fileEncoding = 4; lastKnownFileType = file.xib; name = GridCollectionViewItem.xib; path = Views/Cells/GridCollectionViewItem.xib; sourceTree = "<group>"; };
		59490B041CEF336200679BE2 /* ListCollectionViewItel.swift */ = {isa = PBXFileReference; fileEncoding = 4; lastKnownFileType = sourcecode.swift; name = ListCollectionViewItel.swift; path = Views/Cells/ListCollectionViewItel.swift; sourceTree = "<group>"; };
		59490B051CEF336200679BE2 /* ListCollectionViewItel.xib */ = {isa = PBXFileReference; fileEncoding = 4; lastKnownFileType = file.xib; name = ListCollectionViewItel.xib; path = Views/Cells/ListCollectionViewItel.xib; sourceTree = "<group>"; };
		59C27CA61D0C1673005BCF2B /* Meme Maker Mac.entitlements */ = {isa = PBXFileReference; lastKnownFileType = text.xml; path = "Meme Maker Mac.entitlements"; sourceTree = "<group>"; };
		59FA74C51CF318C600C39BCF /* BaseCollectionViewItem.swift */ = {isa = PBXFileReference; fileEncoding = 4; lastKnownFileType = sourcecode.swift; name = BaseCollectionViewItem.swift; path = Views/Cells/BaseCollectionViewItem.swift; sourceTree = "<group>"; };
		59FA74C91CF3199400C39BCF /* XMeme.swift */ = {isa = PBXFileReference; fileEncoding = 4; lastKnownFileType = sourcecode.swift; name = XMeme.swift; path = Models/XMeme.swift; sourceTree = "<group>"; };
		59FA74CA1CF3199400C39BCF /* XMeme+CoreDataProperties.swift */ = {isa = PBXFileReference; fileEncoding = 4; lastKnownFileType = sourcecode.swift; name = "XMeme+CoreDataProperties.swift"; path = "Models/XMeme+CoreDataProperties.swift"; sourceTree = "<group>"; };
		59FA74CB1CF3199400C39BCF /* XTextAttributes.swift */ = {isa = PBXFileReference; fileEncoding = 4; lastKnownFileType = sourcecode.swift; name = XTextAttributes.swift; path = Models/XTextAttributes.swift; sourceTree = "<group>"; };
		59FA74D61CF3199D00C39BCF /* defaultMemes.dat */ = {isa = PBXFileReference; fileEncoding = 4; lastKnownFileType = text; path = defaultMemes.dat; sourceTree = "<group>"; };
		59FA74D71CF3199D00C39BCF /* defaultMemes.zip */ = {isa = PBXFileReference; lastKnownFileType = archive.zip; path = defaultMemes.zip; sourceTree = "<group>"; };
		59FA74DA1CF31B6300C39BCF /* PrefixHeader.swift */ = {isa = PBXFileReference; fileEncoding = 4; lastKnownFileType = sourcecode.swift; name = PrefixHeader.swift; path = "Supporting Files/PrefixHeader.swift"; sourceTree = "<group>"; };
		59FA74DC1CF31C0F00C39BCF /* SettingsManager.swift */ = {isa = PBXFileReference; fileEncoding = 4; lastKnownFileType = sourcecode.swift; name = SettingsManager.swift; path = Models/SettingsManager.swift; sourceTree = "<group>"; };
		81DCF0E6C3E12AD2B440E369 /* Pods-Meme Maker Mac.debug.xcconfig */ = {isa = PBXFileReference; includeInIndex = 1; lastKnownFileType = text.xcconfig; name = "Pods-Meme Maker Mac.debug.xcconfig"; path = "Pods/Target Support Files/Pods-Meme Maker Mac/Pods-Meme Maker Mac.debug.xcconfig"; sourceTree = "<group>"; };
		A998A181C4675F794C9B1C9A /* Pods-Meme Maker Mac.release.xcconfig */ = {isa = PBXFileReference; includeInIndex = 1; lastKnownFileType = text.xcconfig; name = "Pods-Meme Maker Mac.release.xcconfig"; path = "Pods/Target Support Files/Pods-Meme Maker Mac/Pods-Meme Maker Mac.release.xcconfig"; sourceTree = "<group>"; };
		BD40F2C0E915C28C13E4A6C3 /* Pods_Meme_Maker_Mac.framework */ = {isa = PBXFileReference; explicitFileType = wrapper.framework; includeInIndex = 0; path = Pods_Meme_Maker_Mac.framework; sourceTree = BUILT_PRODUCTS_DIR; };
/* End PBXFileReference section */

/* Begin PBXFrameworksBuildPhase section */
		59490AC21CEF274A00679BE2 /* Frameworks */ = {
			isa = PBXFrameworksBuildPhase;
			buildActionMask = 2147483647;
			files = (
				AA226EDF462C56A3B02506C6 /* Pods_Meme_Maker_Mac.framework in Frameworks */,
			);
			runOnlyForDeploymentPostprocessing = 0;
		};
		59490AD61CEF274A00679BE2 /* Frameworks */ = {
			isa = PBXFrameworksBuildPhase;
			buildActionMask = 2147483647;
			files = (
			);
			runOnlyForDeploymentPostprocessing = 0;
		};
		59490AE11CEF274A00679BE2 /* Frameworks */ = {
			isa = PBXFrameworksBuildPhase;
			buildActionMask = 2147483647;
			files = (
			);
			runOnlyForDeploymentPostprocessing = 0;
		};
/* End PBXFrameworksBuildPhase section */

/* Begin PBXGroup section */
		59490ABC1CEF274A00679BE2 = {
			isa = PBXGroup;
			children = (
				59490AC71CEF274A00679BE2 /* Meme Maker Mac */,
				59490ADC1CEF274A00679BE2 /* Meme Maker MacTests */,
				59490AE71CEF274A00679BE2 /* Meme Maker MacUITests */,
				59490AC61CEF274A00679BE2 /* Products */,
				9DEB15A50AAE36F66F1BE4EB /* Frameworks */,
			);
			sourceTree = "<group>";
		};
		59490AC61CEF274A00679BE2 /* Products */ = {
			isa = PBXGroup;
			children = (
				59490AC51CEF274A00679BE2 /* Meme Maker Mac.app */,
				59490AD91CEF274A00679BE2 /* Meme Maker MacTests.xctest */,
				59490AE41CEF274A00679BE2 /* Meme Maker MacUITests.xctest */,
			);
			name = Products;
			sourceTree = "<group>";
		};
		59490AC71CEF274A00679BE2 /* Meme Maker Mac */ = {
			isa = PBXGroup;
			children = (
				59C27CA61D0C1673005BCF2B /* Meme Maker Mac.entitlements */,
				59490AFA1CEF277A00679BE2 /* App Delegate */,
				59490ACF1CEF274A00679BE2 /* Assets.xcassets */,
				59490AF81CEF276A00679BE2 /* Models */,
				59490AF91CEF277100679BE2 /* Views */,
				59490AF71CEF276600679BE2 /* Controllers */,
				59490AF61CEF275E00679BE2 /* Supporting Files */,
			);
			path = "Meme Maker Mac";
			sourceTree = "<group>";
		};
		59490ADC1CEF274A00679BE2 /* Meme Maker MacTests */ = {
			isa = PBXGroup;
			children = (
				59490ADD1CEF274A00679BE2 /* Meme_Maker_MacTests.swift */,
				59490ADF1CEF274A00679BE2 /* Info.plist */,
			);
			path = "Meme Maker MacTests";
			sourceTree = "<group>";
		};
		59490AE71CEF274A00679BE2 /* Meme Maker MacUITests */ = {
			isa = PBXGroup;
			children = (
				7120BFC91C9C15924F9194DC /* Pods */,
				59490AE81CEF274A00679BE2 /* Meme_Maker_MacUITests.swift */,
				59490AEA1CEF274A00679BE2 /* Info.plist */,
			);
			path = "Meme Maker MacUITests";
			sourceTree = "<group>";
		};
		59490AF61CEF275E00679BE2 /* Supporting Files */ = {
			isa = PBXGroup;
			children = (
				59FA74D51CF3199D00C39BCF /* Default */,
				59490AD41CEF274A00679BE2 /* Info.plist */,
				59FA74DA1CF31B6300C39BCF /* PrefixHeader.swift */,
			);
			name = "Supporting Files";
			sourceTree = "<group>";
		};
		59490AF71CEF276600679BE2 /* Controllers */ = {
			isa = PBXGroup;
			children = (
				59490AFD1CEF283100679BE2 /* WindowController.swift */,
				59490AFB1CEF282300679BE2 /* ViewController.swift */,
			);
			name = Controllers;
			sourceTree = "<group>";
		};
		59490AF81CEF276A00679BE2 /* Models */ = {
			isa = PBXGroup;
			children = (
				59FA74DE1CF31C1200C39BCF /* XMeme */,
				59FA74DC1CF31C0F00C39BCF /* SettingsManager.swift */,
				59FA74CB1CF3199400C39BCF /* XTextAttributes.swift */,
				59490ACC1CEF274A00679BE2 /* Meme_Maker_Mac.xcdatamodeld */,
			);
			name = Models;
			sourceTree = "<group>";
		};
		59490AF91CEF277100679BE2 /* Views */ = {
			isa = PBXGroup;
			children = (
				59490AFF1CEF333900679BE2 /* Cells */,
				59490AD11CEF274A00679BE2 /* Main.storyboard */,
			);
			name = Views;
			sourceTree = "<group>";
		};
		59490AFA1CEF277A00679BE2 /* App Delegate */ = {
			isa = PBXGroup;
			children = (
				59490AC81CEF274A00679BE2 /* AppDelegate.swift */,
			);
			name = "App Delegate";
			sourceTree = "<group>";
		};
		59490AFF1CEF333900679BE2 /* Cells */ = {
			isa = PBXGroup;
			children = (
				59FA74C51CF318C600C39BCF /* BaseCollectionViewItem.swift */,
				59490B001CEF335500679BE2 /* GridCollectionViewItem.swift */,
				59490B011CEF335500679BE2 /* GridCollectionViewItem.xib */,
				59490B041CEF336200679BE2 /* ListCollectionViewItel.swift */,
				59490B051CEF336200679BE2 /* ListCollectionViewItel.xib */,
			);
			name = Cells;
			sourceTree = "<group>";
		};
		59FA74D51CF3199D00C39BCF /* Default */ = {
			isa = PBXGroup;
			children = (
				59FA74D61CF3199D00C39BCF /* defaultMemes.dat */,
				59FA74D71CF3199D00C39BCF /* defaultMemes.zip */,
			);
			name = Default;
			path = "Supporting Files/Default";
			sourceTree = "<group>";
		};
		59FA74DE1CF31C1200C39BCF /* XMeme */ = {
			isa = PBXGroup;
			children = (
				59FA74C91CF3199400C39BCF /* XMeme.swift */,
				59FA74CA1CF3199400C39BCF /* XMeme+CoreDataProperties.swift */,
			);
			name = XMeme;
			sourceTree = "<group>";
		};
		7120BFC91C9C15924F9194DC /* Pods */ = {
			isa = PBXGroup;
			children = (
				81DCF0E6C3E12AD2B440E369 /* Pods-Meme Maker Mac.debug.xcconfig */,
				A998A181C4675F794C9B1C9A /* Pods-Meme Maker Mac.release.xcconfig */,
			);
			name = Pods;
			path = ..;
			sourceTree = "<group>";
		};
		9DEB15A50AAE36F66F1BE4EB /* Frameworks */ = {
			isa = PBXGroup;
			children = (
				BD40F2C0E915C28C13E4A6C3 /* Pods_Meme_Maker_Mac.framework */,
			);
			name = Frameworks;
			sourceTree = "<group>";
		};
/* End PBXGroup section */

/* Begin PBXNativeTarget section */
		59490AC41CEF274A00679BE2 /* Meme Maker Mac */ = {
			isa = PBXNativeTarget;
			buildConfigurationList = 59490AED1CEF274A00679BE2 /* Build configuration list for PBXNativeTarget "Meme Maker Mac" */;
			buildPhases = (
				A07E53E5AC73211CDB066F26 /* Check Pods Manifest.lock */,
				59490AC11CEF274A00679BE2 /* Sources */,
				59490AC21CEF274A00679BE2 /* Frameworks */,
				59490AC31CEF274A00679BE2 /* Resources */,
				ADF2E0C1E4DB853EC9DEC2D6 /* Embed Pods Frameworks */,
				A4488E23624B8E5780D2FB17 /* Copy Pods Resources */,
			);
			buildRules = (
			);
			dependencies = (
			);
			name = "Meme Maker Mac";
			productName = "Meme Maker Mac";
			productReference = 59490AC51CEF274A00679BE2 /* Meme Maker Mac.app */;
			productType = "com.apple.product-type.application";
		};
		59490AD81CEF274A00679BE2 /* Meme Maker MacTests */ = {
			isa = PBXNativeTarget;
			buildConfigurationList = 59490AF01CEF274A00679BE2 /* Build configuration list for PBXNativeTarget "Meme Maker MacTests" */;
			buildPhases = (
				59490AD51CEF274A00679BE2 /* Sources */,
				59490AD61CEF274A00679BE2 /* Frameworks */,
				59490AD71CEF274A00679BE2 /* Resources */,
			);
			buildRules = (
			);
			dependencies = (
				59490ADB1CEF274A00679BE2 /* PBXTargetDependency */,
			);
			name = "Meme Maker MacTests";
			productName = "Meme Maker MacTests";
			productReference = 59490AD91CEF274A00679BE2 /* Meme Maker MacTests.xctest */;
			productType = "com.apple.product-type.bundle.unit-test";
		};
		59490AE31CEF274A00679BE2 /* Meme Maker MacUITests */ = {
			isa = PBXNativeTarget;
			buildConfigurationList = 59490AF31CEF274A00679BE2 /* Build configuration list for PBXNativeTarget "Meme Maker MacUITests" */;
			buildPhases = (
				59490AE01CEF274A00679BE2 /* Sources */,
				59490AE11CEF274A00679BE2 /* Frameworks */,
				59490AE21CEF274A00679BE2 /* Resources */,
			);
			buildRules = (
			);
			dependencies = (
				59490AE61CEF274A00679BE2 /* PBXTargetDependency */,
			);
			name = "Meme Maker MacUITests";
			productName = "Meme Maker MacUITests";
			productReference = 59490AE41CEF274A00679BE2 /* Meme Maker MacUITests.xctest */;
			productType = "com.apple.product-type.bundle.ui-testing";
		};
/* End PBXNativeTarget section */

/* Begin PBXProject section */
		59490ABD1CEF274A00679BE2 /* Project object */ = {
			isa = PBXProject;
			attributes = {
				LastSwiftUpdateCheck = 0730;
				LastUpgradeCheck = 0730;
				ORGANIZATIONNAME = avikantz;
				TargetAttributes = {
					59490AC41CEF274A00679BE2 = {
						CreatedOnToolsVersion = 7.3;
						SystemCapabilities = {
							com.apple.Sandbox = {
								enabled = 1;
							};
						};
					};
					59490AD81CEF274A00679BE2 = {
						CreatedOnToolsVersion = 7.3;
						TestTargetID = 59490AC41CEF274A00679BE2;
					};
					59490AE31CEF274A00679BE2 = {
						CreatedOnToolsVersion = 7.3;
						TestTargetID = 59490AC41CEF274A00679BE2;
					};
				};
			};
			buildConfigurationList = 59490AC01CEF274A00679BE2 /* Build configuration list for PBXProject "Meme Maker Mac" */;
			compatibilityVersion = "Xcode 3.2";
			developmentRegion = English;
			hasScannedForEncodings = 0;
			knownRegions = (
				en,
				Base,
			);
			mainGroup = 59490ABC1CEF274A00679BE2;
			productRefGroup = 59490AC61CEF274A00679BE2 /* Products */;
			projectDirPath = "";
			projectRoot = "";
			targets = (
				59490AC41CEF274A00679BE2 /* Meme Maker Mac */,
				59490AD81CEF274A00679BE2 /* Meme Maker MacTests */,
				59490AE31CEF274A00679BE2 /* Meme Maker MacUITests */,
			);
		};
/* End PBXProject section */

/* Begin PBXResourcesBuildPhase section */
		59490AC31CEF274A00679BE2 /* Resources */ = {
			isa = PBXResourcesBuildPhase;
			buildActionMask = 2147483647;
			files = (
				59490B071CEF336200679BE2 /* ListCollectionViewItel.xib in Resources */,
				59490AD01CEF274A00679BE2 /* Assets.xcassets in Resources */,
				59490AD31CEF274A00679BE2 /* Main.storyboard in Resources */,
				59490B031CEF335500679BE2 /* GridCollectionViewItem.xib in Resources */,
				59FA74D81CF3199D00C39BCF /* defaultMemes.dat in Resources */,
				59FA74D91CF3199D00C39BCF /* defaultMemes.zip in Resources */,
			);
			runOnlyForDeploymentPostprocessing = 0;
		};
		59490AD71CEF274A00679BE2 /* Resources */ = {
			isa = PBXResourcesBuildPhase;
			buildActionMask = 2147483647;
			files = (
			);
			runOnlyForDeploymentPostprocessing = 0;
		};
		59490AE21CEF274A00679BE2 /* Resources */ = {
			isa = PBXResourcesBuildPhase;
			buildActionMask = 2147483647;
			files = (
			);
			runOnlyForDeploymentPostprocessing = 0;
		};
/* End PBXResourcesBuildPhase section */

/* Begin PBXShellScriptBuildPhase section */
		A07E53E5AC73211CDB066F26 /* Check Pods Manifest.lock */ = {
			isa = PBXShellScriptBuildPhase;
			buildActionMask = 2147483647;
			files = (
			);
			inputPaths = (
			);
			name = "Check Pods Manifest.lock";
			outputPaths = (
			);
			runOnlyForDeploymentPostprocessing = 0;
			shellPath = /bin/sh;
			shellScript = "diff \"${PODS_ROOT}/../Podfile.lock\" \"${PODS_ROOT}/Manifest.lock\" > /dev/null\nif [[ $? != 0 ]] ; then\n    cat << EOM\nerror: The sandbox is not in sync with the Podfile.lock. Run 'pod install' or update your CocoaPods installation.\nEOM\n    exit 1\nfi\n";
			showEnvVarsInLog = 0;
		};
		A4488E23624B8E5780D2FB17 /* Copy Pods Resources */ = {
			isa = PBXShellScriptBuildPhase;
			buildActionMask = 2147483647;
			files = (
			);
			inputPaths = (
			);
			name = "Copy Pods Resources";
			outputPaths = (
			);
			runOnlyForDeploymentPostprocessing = 0;
			shellPath = /bin/sh;
			shellScript = "\"${SRCROOT}/Pods/Target Support Files/Pods-Meme Maker Mac/Pods-Meme Maker Mac-resources.sh\"\n";
			showEnvVarsInLog = 0;
		};
		ADF2E0C1E4DB853EC9DEC2D6 /* Embed Pods Frameworks */ = {
			isa = PBXShellScriptBuildPhase;
			buildActionMask = 2147483647;
			files = (
			);
			inputPaths = (
			);
			name = "Embed Pods Frameworks";
			outputPaths = (
			);
			runOnlyForDeploymentPostprocessing = 0;
			shellPath = /bin/sh;
			shellScript = "\"${SRCROOT}/Pods/Target Support Files/Pods-Meme Maker Mac/Pods-Meme Maker Mac-frameworks.sh\"\n";
			showEnvVarsInLog = 0;
		};
/* End PBXShellScriptBuildPhase section */

/* Begin PBXSourcesBuildPhase section */
		59490AC11CEF274A00679BE2 /* Sources */ = {
			isa = PBXSourcesBuildPhase;
			buildActionMask = 2147483647;
			files = (
				59FA74D11CF3199400C39BCF /* XMeme+CoreDataProperties.swift in Sources */,
				59FA74DB1CF31B6300C39BCF /* PrefixHeader.swift in Sources */,
				59490AFC1CEF282300679BE2 /* ViewController.swift in Sources */,
				59490B021CEF335500679BE2 /* GridCollectionViewItem.swift in Sources */,
				59490AFE1CEF283100679BE2 /* WindowController.swift in Sources */,
				59490ACE1CEF274A00679BE2 /* Meme_Maker_Mac.xcdatamodeld in Sources */,
				59490B061CEF336200679BE2 /* ListCollectionViewItel.swift in Sources */,
				59FA74D01CF3199400C39BCF /* XMeme.swift in Sources */,
				59FA74DD1CF31C0F00C39BCF /* SettingsManager.swift in Sources */,
				59FA74D21CF3199400C39BCF /* XTextAttributes.swift in Sources */,
				59FA74C61CF318C600C39BCF /* BaseCollectionViewItem.swift in Sources */,
				59490AC91CEF274A00679BE2 /* AppDelegate.swift in Sources */,
			);
			runOnlyForDeploymentPostprocessing = 0;
		};
		59490AD51CEF274A00679BE2 /* Sources */ = {
			isa = PBXSourcesBuildPhase;
			buildActionMask = 2147483647;
			files = (
				59490ADE1CEF274A00679BE2 /* Meme_Maker_MacTests.swift in Sources */,
			);
			runOnlyForDeploymentPostprocessing = 0;
		};
		59490AE01CEF274A00679BE2 /* Sources */ = {
			isa = PBXSourcesBuildPhase;
			buildActionMask = 2147483647;
			files = (
				59490AE91CEF274A00679BE2 /* Meme_Maker_MacUITests.swift in Sources */,
			);
			runOnlyForDeploymentPostprocessing = 0;
		};
/* End PBXSourcesBuildPhase section */

/* Begin PBXTargetDependency section */
		59490ADB1CEF274A00679BE2 /* PBXTargetDependency */ = {
			isa = PBXTargetDependency;
			target = 59490AC41CEF274A00679BE2 /* Meme Maker Mac */;
			targetProxy = 59490ADA1CEF274A00679BE2 /* PBXContainerItemProxy */;
		};
		59490AE61CEF274A00679BE2 /* PBXTargetDependency */ = {
			isa = PBXTargetDependency;
			target = 59490AC41CEF274A00679BE2 /* Meme Maker Mac */;
			targetProxy = 59490AE51CEF274A00679BE2 /* PBXContainerItemProxy */;
		};
/* End PBXTargetDependency section */

/* Begin PBXVariantGroup section */
		59490AD11CEF274A00679BE2 /* Main.storyboard */ = {
			isa = PBXVariantGroup;
			children = (
				59490AD21CEF274A00679BE2 /* Base */,
			);
			name = Main.storyboard;
			sourceTree = "<group>";
		};
/* End PBXVariantGroup section */

/* Begin XCBuildConfiguration section */
		59490AEB1CEF274A00679BE2 /* Debug */ = {
			isa = XCBuildConfiguration;
			buildSettings = {
				ALWAYS_SEARCH_USER_PATHS = NO;
				CLANG_ANALYZER_NONNULL = YES;
				CLANG_CXX_LANGUAGE_STANDARD = "gnu++0x";
				CLANG_CXX_LIBRARY = "libc++";
				CLANG_ENABLE_MODULES = YES;
				CLANG_ENABLE_OBJC_ARC = YES;
				CLANG_WARN_BOOL_CONVERSION = YES;
				CLANG_WARN_CONSTANT_CONVERSION = YES;
				CLANG_WARN_DIRECT_OBJC_ISA_USAGE = YES_ERROR;
				CLANG_WARN_EMPTY_BODY = YES;
				CLANG_WARN_ENUM_CONVERSION = YES;
				CLANG_WARN_INT_CONVERSION = YES;
				CLANG_WARN_OBJC_ROOT_CLASS = YES_ERROR;
				CLANG_WARN_UNREACHABLE_CODE = YES;
				CLANG_WARN__DUPLICATE_METHOD_MATCH = YES;
				CODE_SIGN_IDENTITY = "-";
				COPY_PHASE_STRIP = NO;
				DEBUG_INFORMATION_FORMAT = dwarf;
				ENABLE_STRICT_OBJC_MSGSEND = YES;
				ENABLE_TESTABILITY = YES;
				GCC_C_LANGUAGE_STANDARD = gnu99;
				GCC_DYNAMIC_NO_PIC = NO;
				GCC_NO_COMMON_BLOCKS = YES;
				GCC_OPTIMIZATION_LEVEL = 0;
				GCC_PREPROCESSOR_DEFINITIONS = (
					"DEBUG=1",
					"$(inherited)",
				);
				GCC_WARN_64_TO_32_BIT_CONVERSION = YES;
				GCC_WARN_ABOUT_RETURN_TYPE = YES_ERROR;
				GCC_WARN_UNDECLARED_SELECTOR = YES;
				GCC_WARN_UNINITIALIZED_AUTOS = YES_AGGRESSIVE;
				GCC_WARN_UNUSED_FUNCTION = YES;
				GCC_WARN_UNUSED_VARIABLE = YES;
				MACOSX_DEPLOYMENT_TARGET = 10.11;
				MTL_ENABLE_DEBUG_INFO = YES;
				ONLY_ACTIVE_ARCH = YES;
				SDKROOT = macosx;
				SWIFT_OPTIMIZATION_LEVEL = "-Onone";
			};
			name = Debug;
		};
		59490AEC1CEF274A00679BE2 /* Release */ = {
			isa = XCBuildConfiguration;
			buildSettings = {
				ALWAYS_SEARCH_USER_PATHS = NO;
				CLANG_ANALYZER_NONNULL = YES;
				CLANG_CXX_LANGUAGE_STANDARD = "gnu++0x";
				CLANG_CXX_LIBRARY = "libc++";
				CLANG_ENABLE_MODULES = YES;
				CLANG_ENABLE_OBJC_ARC = YES;
				CLANG_WARN_BOOL_CONVERSION = YES;
				CLANG_WARN_CONSTANT_CONVERSION = YES;
				CLANG_WARN_DIRECT_OBJC_ISA_USAGE = YES_ERROR;
				CLANG_WARN_EMPTY_BODY = YES;
				CLANG_WARN_ENUM_CONVERSION = YES;
				CLANG_WARN_INT_CONVERSION = YES;
				CLANG_WARN_OBJC_ROOT_CLASS = YES_ERROR;
				CLANG_WARN_UNREACHABLE_CODE = YES;
				CLANG_WARN__DUPLICATE_METHOD_MATCH = YES;
				CODE_SIGN_IDENTITY = "-";
				COPY_PHASE_STRIP = NO;
				DEBUG_INFORMATION_FORMAT = "dwarf-with-dsym";
				ENABLE_NS_ASSERTIONS = NO;
				ENABLE_STRICT_OBJC_MSGSEND = YES;
				GCC_C_LANGUAGE_STANDARD = gnu99;
				GCC_NO_COMMON_BLOCKS = YES;
				GCC_WARN_64_TO_32_BIT_CONVERSION = YES;
				GCC_WARN_ABOUT_RETURN_TYPE = YES_ERROR;
				GCC_WARN_UNDECLARED_SELECTOR = YES;
				GCC_WARN_UNINITIALIZED_AUTOS = YES_AGGRESSIVE;
				GCC_WARN_UNUSED_FUNCTION = YES;
				GCC_WARN_UNUSED_VARIABLE = YES;
				MACOSX_DEPLOYMENT_TARGET = 10.11;
				MTL_ENABLE_DEBUG_INFO = NO;
				SDKROOT = macosx;
			};
			name = Release;
		};
		59490AEE1CEF274A00679BE2 /* Debug */ = {
			isa = XCBuildConfiguration;
			baseConfigurationReference = 81DCF0E6C3E12AD2B440E369 /* Pods-Meme Maker Mac.debug.xcconfig */;
			buildSettings = {
				ASSETCATALOG_COMPILER_APPICON_NAME = AppIcon;
				CODE_SIGN_ENTITLEMENTS = "Meme Maker Mac/Meme Maker Mac.entitlements";
				CODE_SIGN_IDENTITY = "-";
				COMBINE_HIDPI_IMAGES = YES;
				INFOPLIST_FILE = "Meme Maker Mac/Info.plist";
				LD_RUNPATH_SEARCH_PATHS = "$(inherited) @executable_path/../Frameworks";
				PRODUCT_BUNDLE_IDENTIFIER = "com.avikantz.Meme-Maker-Mac";
				PRODUCT_NAME = "$(TARGET_NAME)";
			};
			name = Debug;
		};
		59490AEF1CEF274A00679BE2 /* Release */ = {
			isa = XCBuildConfiguration;
			baseConfigurationReference = A998A181C4675F794C9B1C9A /* Pods-Meme Maker Mac.release.xcconfig */;
			buildSettings = {
				ASSETCATALOG_COMPILER_APPICON_NAME = AppIcon;
				CODE_SIGN_ENTITLEMENTS = "Meme Maker Mac/Meme Maker Mac.entitlements";
				CODE_SIGN_IDENTITY = "-";
				COMBINE_HIDPI_IMAGES = YES;
				INFOPLIST_FILE = "Meme Maker Mac/Info.plist";
				LD_RUNPATH_SEARCH_PATHS = "$(inherited) @executable_path/../Frameworks";
				PRODUCT_BUNDLE_IDENTIFIER = "com.avikantz.Meme-Maker-Mac";
				PRODUCT_NAME = "$(TARGET_NAME)";
			};
			name = Release;
		};
		59490AF11CEF274A00679BE2 /* Debug */ = {
			isa = XCBuildConfiguration;
			buildSettings = {
				BUNDLE_LOADER = "$(TEST_HOST)";
				COMBINE_HIDPI_IMAGES = YES;
				INFOPLIST_FILE = "Meme Maker MacTests/Info.plist";
				LD_RUNPATH_SEARCH_PATHS = "$(inherited) @executable_path/../Frameworks @loader_path/../Frameworks";
				PRODUCT_BUNDLE_IDENTIFIER = "com.avikantz.Meme-Maker-MacTests";
				PRODUCT_NAME = "$(TARGET_NAME)";
				TEST_HOST = "$(BUILT_PRODUCTS_DIR)/Meme Maker Mac.app/Contents/MacOS/Meme Maker Mac";
			};
			name = Debug;
		};
		59490AF21CEF274A00679BE2 /* Release */ = {
			isa = XCBuildConfiguration;
			buildSettings = {
				BUNDLE_LOADER = "$(TEST_HOST)";
				COMBINE_HIDPI_IMAGES = YES;
				INFOPLIST_FILE = "Meme Maker MacTests/Info.plist";
				LD_RUNPATH_SEARCH_PATHS = "$(inherited) @executable_path/../Frameworks @loader_path/../Frameworks";
				PRODUCT_BUNDLE_IDENTIFIER = "com.avikantz.Meme-Maker-MacTests";
				PRODUCT_NAME = "$(TARGET_NAME)";
				TEST_HOST = "$(BUILT_PRODUCTS_DIR)/Meme Maker Mac.app/Contents/MacOS/Meme Maker Mac";
			};
			name = Release;
		};
		59490AF41CEF274A00679BE2 /* Debug */ = {
			isa = XCBuildConfiguration;
			buildSettings = {
				COMBINE_HIDPI_IMAGES = YES;
				INFOPLIST_FILE = "Meme Maker MacUITests/Info.plist";
				LD_RUNPATH_SEARCH_PATHS = "$(inherited) @executable_path/../Frameworks @loader_path/../Frameworks";
				PRODUCT_BUNDLE_IDENTIFIER = "com.avikantz.Meme-Maker-MacUITests";
				PRODUCT_NAME = "$(TARGET_NAME)";
				TEST_TARGET_NAME = "Meme Maker Mac";
			};
			name = Debug;
		};
		59490AF51CEF274A00679BE2 /* Release */ = {
			isa = XCBuildConfiguration;
			buildSettings = {
				COMBINE_HIDPI_IMAGES = YES;
				INFOPLIST_FILE = "Meme Maker MacUITests/Info.plist";
				LD_RUNPATH_SEARCH_PATHS = "$(inherited) @executable_path/../Frameworks @loader_path/../Frameworks";
				PRODUCT_BUNDLE_IDENTIFIER = "com.avikantz.Meme-Maker-MacUITests";
				PRODUCT_NAME = "$(TARGET_NAME)";
				TEST_TARGET_NAME = "Meme Maker Mac";
			};
			name = Release;
		};
/* End XCBuildConfiguration section */

/* Begin XCConfigurationList section */
		59490AC01CEF274A00679BE2 /* Build configuration list for PBXProject "Meme Maker Mac" */ = {
			isa = XCConfigurationList;
			buildConfigurations = (
				59490AEB1CEF274A00679BE2 /* Debug */,
				59490AEC1CEF274A00679BE2 /* Release */,
			);
			defaultConfigurationIsVisible = 0;
			defaultConfigurationName = Release;
		};
		59490AED1CEF274A00679BE2 /* Build configuration list for PBXNativeTarget "Meme Maker Mac" */ = {
			isa = XCConfigurationList;
			buildConfigurations = (
				59490AEE1CEF274A00679BE2 /* Debug */,
				59490AEF1CEF274A00679BE2 /* Release */,
			);
			defaultConfigurationIsVisible = 0;
			defaultConfigurationName = Release;
		};
		59490AF01CEF274A00679BE2 /* Build configuration list for PBXNativeTarget "Meme Maker MacTests" */ = {
			isa = XCConfigurationList;
			buildConfigurations = (
				59490AF11CEF274A00679BE2 /* Debug */,
				59490AF21CEF274A00679BE2 /* Release */,
			);
			defaultConfigurationIsVisible = 0;
			defaultConfigurationName = Release;
		};
		59490AF31CEF274A00679BE2 /* Build configuration list for PBXNativeTarget "Meme Maker MacUITests" */ = {
			isa = XCConfigurationList;
			buildConfigurations = (
				59490AF41CEF274A00679BE2 /* Debug */,
				59490AF51CEF274A00679BE2 /* Release */,
			);
			defaultConfigurationIsVisible = 0;
			defaultConfigurationName = Release;
		};
/* End XCConfigurationList section */

/* Begin XCVersionGroup section */
		59490ACC1CEF274A00679BE2 /* Meme_Maker_Mac.xcdatamodeld */ = {
			isa = XCVersionGroup;
			children = (
				59490ACD1CEF274A00679BE2 /* Meme_Maker_Mac.xcdatamodel */,
			);
			currentVersion = 59490ACD1CEF274A00679BE2 /* Meme_Maker_Mac.xcdatamodel */;
			path = Meme_Maker_Mac.xcdatamodeld;
			sourceTree = "<group>";
			versionGroupType = wrapper.xcdatamodel;
		};
/* End XCVersionGroup section */
	};
	rootObject = 59490ABD1CEF274A00679BE2 /* Project object */;
}
