<?xml version="1.0" encoding="UTF-8"?>
<!DOCTYPE plist PUBLIC "-//Apple//DTD PLIST 1.0//EN" "http://www.apple.com/DTDs/PropertyList-1.0.dtd">
<plist version="1.0">
<dict>
	<key>archiveVersion</key>
	<string>1</string>
	<key>classes</key>
	<dict/>
	<key>objectVersion</key>
	<string>46</string>
	<key>objects</key>
	<dict>
		<key>59490ABC1CEF274A00679BE2</key>
		<dict>
			<key>children</key>
			<array>
				<string>59490AC71CEF274A00679BE2</string>
				<string>59490ADC1CEF274A00679BE2</string>
				<string>59490AE71CEF274A00679BE2</string>
				<string>59490AC61CEF274A00679BE2</string>
				<string>7120BFC91C9C15924F9194DC</string>
				<string>9DEB15A50AAE36F66F1BE4EB</string>
			</array>
			<key>isa</key>
			<string>PBXGroup</string>
			<key>sourceTree</key>
			<string>&lt;group&gt;</string>
		</dict>
		<key>59490ABD1CEF274A00679BE2</key>
		<dict>
			<key>attributes</key>
			<dict>
				<key>LastSwiftUpdateCheck</key>
				<string>0730</string>
				<key>LastUpgradeCheck</key>
				<string>0730</string>
				<key>ORGANIZATIONNAME</key>
				<string>avikantz</string>
				<key>TargetAttributes</key>
				<dict>
					<key>59490AC41CEF274A00679BE2</key>
					<dict>
						<key>CreatedOnToolsVersion</key>
						<string>7.3</string>
					</dict>
					<key>59490AD81CEF274A00679BE2</key>
					<dict>
						<key>CreatedOnToolsVersion</key>
						<string>7.3</string>
						<key>TestTargetID</key>
						<string>59490AC41CEF274A00679BE2</string>
					</dict>
					<key>59490AE31CEF274A00679BE2</key>
					<dict>
						<key>CreatedOnToolsVersion</key>
						<string>7.3</string>
						<key>TestTargetID</key>
						<string>59490AC41CEF274A00679BE2</string>
					</dict>
				</dict>
			</dict>
			<key>buildConfigurationList</key>
			<string>59490AC01CEF274A00679BE2</string>
			<key>compatibilityVersion</key>
			<string>Xcode 3.2</string>
			<key>developmentRegion</key>
			<string>English</string>
			<key>hasScannedForEncodings</key>
			<string>0</string>
			<key>isa</key>
			<string>PBXProject</string>
			<key>knownRegions</key>
			<array>
				<string>en</string>
				<string>Base</string>
			</array>
			<key>mainGroup</key>
			<string>59490ABC1CEF274A00679BE2</string>
			<key>productRefGroup</key>
			<string>59490AC61CEF274A00679BE2</string>
			<key>projectDirPath</key>
			<string></string>
			<key>projectReferences</key>
			<array/>
			<key>projectRoot</key>
			<string></string>
			<key>targets</key>
			<array>
				<string>59490AC41CEF274A00679BE2</string>
				<string>59490AD81CEF274A00679BE2</string>
				<string>59490AE31CEF274A00679BE2</string>
			</array>
		</dict>
		<key>59490AC01CEF274A00679BE2</key>
		<dict>
			<key>buildConfigurations</key>
			<array>
				<string>59490AEB1CEF274A00679BE2</string>
				<string>59490AEC1CEF274A00679BE2</string>
			</array>
			<key>defaultConfigurationIsVisible</key>
			<string>0</string>
			<key>defaultConfigurationName</key>
			<string>Release</string>
			<key>isa</key>
			<string>XCConfigurationList</string>
		</dict>
		<key>59490AC11CEF274A00679BE2</key>
		<dict>
			<key>buildActionMask</key>
			<string>2147483647</string>
			<key>files</key>
			<array>
				<string>59FA74D11CF3199400C39BCF</string>
				<string>59FA74DB1CF31B6300C39BCF</string>
				<string>59490AFC1CEF282300679BE2</string>
				<string>59490B021CEF335500679BE2</string>
				<string>59490AFE1CEF283100679BE2</string>
				<string>59490ACE1CEF274A00679BE2</string>
				<string>59490B061CEF336200679BE2</string>
				<string>59FA74D01CF3199400C39BCF</string>
				<string>59FA74DD1CF31C0F00C39BCF</string>
				<string>59FA74D21CF3199400C39BCF</string>
				<string>59FA74C61CF318C600C39BCF</string>
				<string>59490AC91CEF274A00679BE2</string>
			</array>
			<key>isa</key>
			<string>PBXSourcesBuildPhase</string>
			<key>runOnlyForDeploymentPostprocessing</key>
			<string>0</string>
		</dict>
		<key>59490AC21CEF274A00679BE2</key>
		<dict>
			<key>buildActionMask</key>
			<string>2147483647</string>
			<key>files</key>
			<array>
				<string>AA226EDF462C56A3B02506C6</string>
			</array>
			<key>isa</key>
			<string>PBXFrameworksBuildPhase</string>
			<key>runOnlyForDeploymentPostprocessing</key>
			<string>0</string>
		</dict>
		<key>59490AC31CEF274A00679BE2</key>
		<dict>
			<key>buildActionMask</key>
			<string>2147483647</string>
			<key>files</key>
			<array>
				<string>59490B071CEF336200679BE2</string>
				<string>59490AD01CEF274A00679BE2</string>
				<string>59490AD31CEF274A00679BE2</string>
				<string>59490B031CEF335500679BE2</string>
				<string>59FA74D81CF3199D00C39BCF</string>
				<string>59FA74D91CF3199D00C39BCF</string>
			</array>
			<key>isa</key>
			<string>PBXResourcesBuildPhase</string>
			<key>runOnlyForDeploymentPostprocessing</key>
			<string>0</string>
		</dict>
		<key>59490AC41CEF274A00679BE2</key>
		<dict>
			<key>buildConfigurationList</key>
			<string>59490AED1CEF274A00679BE2</string>
			<key>buildPhases</key>
			<array>
				<string>A07E53E5AC73211CDB066F26</string>
				<string>59490AC11CEF274A00679BE2</string>
				<string>59490AC21CEF274A00679BE2</string>
				<string>59490AC31CEF274A00679BE2</string>
				<string>ADF2E0C1E4DB853EC9DEC2D6</string>
				<string>A4488E23624B8E5780D2FB17</string>
			</array>
			<key>buildRules</key>
			<array/>
			<key>dependencies</key>
			<array/>
			<key>isa</key>
			<string>PBXNativeTarget</string>
			<key>name</key>
			<string>Meme Maker Mac</string>
			<key>productName</key>
			<string>Meme Maker Mac</string>
			<key>productReference</key>
			<string>59490AC51CEF274A00679BE2</string>
			<key>productType</key>
			<string>com.apple.product-type.application</string>
		</dict>
		<key>59490AC51CEF274A00679BE2</key>
		<dict>
			<key>explicitFileType</key>
			<string>wrapper.application</string>
			<key>includeInIndex</key>
			<string>0</string>
			<key>isa</key>
			<string>PBXFileReference</string>
			<key>path</key>
			<string>Meme Maker Mac.app</string>
			<key>sourceTree</key>
			<string>BUILT_PRODUCTS_DIR</string>
		</dict>
		<key>59490AC61CEF274A00679BE2</key>
		<dict>
			<key>children</key>
			<array>
				<string>59490AC51CEF274A00679BE2</string>
				<string>59490AD91CEF274A00679BE2</string>
				<string>59490AE41CEF274A00679BE2</string>
			</array>
			<key>isa</key>
			<string>PBXGroup</string>
			<key>name</key>
			<string>Products</string>
			<key>sourceTree</key>
			<string>&lt;group&gt;</string>
		</dict>
		<key>59490AC71CEF274A00679BE2</key>
		<dict>
			<key>children</key>
			<array>
				<string>59490AFA1CEF277A00679BE2</string>
				<string>59490ACF1CEF274A00679BE2</string>
				<string>59490AF81CEF276A00679BE2</string>
				<string>59490AF91CEF277100679BE2</string>
				<string>59490AF71CEF276600679BE2</string>
				<string>59490AF61CEF275E00679BE2</string>
			</array>
			<key>isa</key>
			<string>PBXGroup</string>
			<key>path</key>
			<string>Meme Maker Mac</string>
			<key>sourceTree</key>
			<string>&lt;group&gt;</string>
		</dict>
		<key>59490AC81CEF274A00679BE2</key>
		<dict>
			<key>isa</key>
			<string>PBXFileReference</string>
			<key>lastKnownFileType</key>
			<string>sourcecode.swift</string>
			<key>path</key>
			<string>AppDelegate.swift</string>
			<key>sourceTree</key>
			<string>&lt;group&gt;</string>
		</dict>
		<key>59490AC91CEF274A00679BE2</key>
		<dict>
			<key>fileRef</key>
			<string>59490AC81CEF274A00679BE2</string>
			<key>isa</key>
			<string>PBXBuildFile</string>
		</dict>
		<key>59490ACC1CEF274A00679BE2</key>
		<dict>
			<key>children</key>
			<array>
				<string>59490ACD1CEF274A00679BE2</string>
			</array>
			<key>currentVersion</key>
			<string>59490ACD1CEF274A00679BE2</string>
			<key>isa</key>
			<string>XCVersionGroup</string>
			<key>path</key>
			<string>Meme_Maker_Mac.xcdatamodeld</string>
			<key>sourceTree</key>
			<string>&lt;group&gt;</string>
			<key>versionGroupType</key>
			<string>wrapper.xcdatamodel</string>
		</dict>
		<key>59490ACD1CEF274A00679BE2</key>
		<dict>
			<key>isa</key>
			<string>PBXFileReference</string>
			<key>lastKnownFileType</key>
			<string>wrapper.xcdatamodel</string>
			<key>path</key>
			<string>Meme_Maker_Mac.xcdatamodel</string>
			<key>sourceTree</key>
			<string>&lt;group&gt;</string>
		</dict>
		<key>59490ACE1CEF274A00679BE2</key>
		<dict>
			<key>fileRef</key>
			<string>59490ACC1CEF274A00679BE2</string>
			<key>isa</key>
			<string>PBXBuildFile</string>
		</dict>
		<key>59490ACF1CEF274A00679BE2</key>
		<dict>
			<key>isa</key>
			<string>PBXFileReference</string>
			<key>lastKnownFileType</key>
			<string>folder.assetcatalog</string>
			<key>path</key>
			<string>Assets.xcassets</string>
			<key>sourceTree</key>
			<string>&lt;group&gt;</string>
		</dict>
		<key>59490AD01CEF274A00679BE2</key>
		<dict>
			<key>fileRef</key>
			<string>59490ACF1CEF274A00679BE2</string>
			<key>isa</key>
			<string>PBXBuildFile</string>
		</dict>
		<key>59490AD11CEF274A00679BE2</key>
		<dict>
			<key>children</key>
			<array>
				<string>59490AD21CEF274A00679BE2</string>
			</array>
			<key>isa</key>
			<string>PBXVariantGroup</string>
			<key>name</key>
			<string>Main.storyboard</string>
			<key>sourceTree</key>
			<string>&lt;group&gt;</string>
		</dict>
		<key>59490AD21CEF274A00679BE2</key>
		<dict>
			<key>isa</key>
			<string>PBXFileReference</string>
			<key>lastKnownFileType</key>
			<string>file.storyboard</string>
			<key>name</key>
			<string>Base</string>
			<key>path</key>
			<string>Base.lproj/Main.storyboard</string>
			<key>sourceTree</key>
			<string>&lt;group&gt;</string>
		</dict>
		<key>59490AD31CEF274A00679BE2</key>
		<dict>
			<key>fileRef</key>
			<string>59490AD11CEF274A00679BE2</string>
			<key>isa</key>
			<string>PBXBuildFile</string>
		</dict>
		<key>59490AD41CEF274A00679BE2</key>
		<dict>
			<key>isa</key>
			<string>PBXFileReference</string>
			<key>lastKnownFileType</key>
			<string>text.plist.xml</string>
			<key>path</key>
			<string>Info.plist</string>
			<key>sourceTree</key>
			<string>&lt;group&gt;</string>
		</dict>
		<key>59490AD51CEF274A00679BE2</key>
		<dict>
			<key>buildActionMask</key>
			<string>2147483647</string>
			<key>files</key>
			<array>
				<string>59490ADE1CEF274A00679BE2</string>
			</array>
			<key>isa</key>
			<string>PBXSourcesBuildPhase</string>
			<key>runOnlyForDeploymentPostprocessing</key>
			<string>0</string>
		</dict>
		<key>59490AD61CEF274A00679BE2</key>
		<dict>
			<key>buildActionMask</key>
			<string>2147483647</string>
			<key>files</key>
			<array/>
			<key>isa</key>
			<string>PBXFrameworksBuildPhase</string>
			<key>runOnlyForDeploymentPostprocessing</key>
			<string>0</string>
		</dict>
		<key>59490AD71CEF274A00679BE2</key>
		<dict>
			<key>buildActionMask</key>
			<string>2147483647</string>
			<key>files</key>
			<array/>
			<key>isa</key>
			<string>PBXResourcesBuildPhase</string>
			<key>runOnlyForDeploymentPostprocessing</key>
			<string>0</string>
		</dict>
		<key>59490AD81CEF274A00679BE2</key>
		<dict>
			<key>buildConfigurationList</key>
			<string>59490AF01CEF274A00679BE2</string>
			<key>buildPhases</key>
			<array>
				<string>59490AD51CEF274A00679BE2</string>
				<string>59490AD61CEF274A00679BE2</string>
				<string>59490AD71CEF274A00679BE2</string>
			</array>
			<key>buildRules</key>
			<array/>
			<key>dependencies</key>
			<array>
				<string>59490ADB1CEF274A00679BE2</string>
			</array>
			<key>isa</key>
			<string>PBXNativeTarget</string>
			<key>name</key>
			<string>Meme Maker MacTests</string>
			<key>productName</key>
			<string>Meme Maker MacTests</string>
			<key>productReference</key>
			<string>59490AD91CEF274A00679BE2</string>
			<key>productType</key>
			<string>com.apple.product-type.bundle.unit-test</string>
		</dict>
		<key>59490AD91CEF274A00679BE2</key>
		<dict>
			<key>explicitFileType</key>
			<string>wrapper.cfbundle</string>
			<key>includeInIndex</key>
			<string>0</string>
			<key>isa</key>
			<string>PBXFileReference</string>
			<key>path</key>
			<string>Meme Maker MacTests.xctest</string>
			<key>sourceTree</key>
			<string>BUILT_PRODUCTS_DIR</string>
		</dict>
		<key>59490ADA1CEF274A00679BE2</key>
		<dict>
			<key>containerPortal</key>
			<string>59490ABD1CEF274A00679BE2</string>
			<key>isa</key>
			<string>PBXContainerItemProxy</string>
			<key>proxyType</key>
			<string>1</string>
			<key>remoteGlobalIDString</key>
			<string>59490AC41CEF274A00679BE2</string>
			<key>remoteInfo</key>
			<string>Meme Maker Mac</string>
		</dict>
		<key>59490ADB1CEF274A00679BE2</key>
		<dict>
			<key>isa</key>
			<string>PBXTargetDependency</string>
			<key>target</key>
			<string>59490AC41CEF274A00679BE2</string>
			<key>targetProxy</key>
			<string>59490ADA1CEF274A00679BE2</string>
		</dict>
		<key>59490ADC1CEF274A00679BE2</key>
		<dict>
			<key>children</key>
			<array>
				<string>59490ADD1CEF274A00679BE2</string>
				<string>59490ADF1CEF274A00679BE2</string>
			</array>
			<key>isa</key>
			<string>PBXGroup</string>
			<key>path</key>
			<string>Meme Maker MacTests</string>
			<key>sourceTree</key>
			<string>&lt;group&gt;</string>
		</dict>
		<key>59490ADD1CEF274A00679BE2</key>
		<dict>
			<key>isa</key>
			<string>PBXFileReference</string>
			<key>lastKnownFileType</key>
			<string>sourcecode.swift</string>
			<key>path</key>
			<string>Meme_Maker_MacTests.swift</string>
			<key>sourceTree</key>
			<string>&lt;group&gt;</string>
		</dict>
		<key>59490ADE1CEF274A00679BE2</key>
		<dict>
			<key>fileRef</key>
			<string>59490ADD1CEF274A00679BE2</string>
			<key>isa</key>
			<string>PBXBuildFile</string>
		</dict>
		<key>59490ADF1CEF274A00679BE2</key>
		<dict>
			<key>isa</key>
			<string>PBXFileReference</string>
			<key>lastKnownFileType</key>
			<string>text.plist.xml</string>
			<key>path</key>
			<string>Info.plist</string>
			<key>sourceTree</key>
			<string>&lt;group&gt;</string>
		</dict>
		<key>59490AE01CEF274A00679BE2</key>
		<dict>
			<key>buildActionMask</key>
			<string>2147483647</string>
			<key>files</key>
			<array>
				<string>59490AE91CEF274A00679BE2</string>
			</array>
			<key>isa</key>
			<string>PBXSourcesBuildPhase</string>
			<key>runOnlyForDeploymentPostprocessing</key>
			<string>0</string>
		</dict>
		<key>59490AE11CEF274A00679BE2</key>
		<dict>
			<key>buildActionMask</key>
			<string>2147483647</string>
			<key>files</key>
			<array/>
			<key>isa</key>
			<string>PBXFrameworksBuildPhase</string>
			<key>runOnlyForDeploymentPostprocessing</key>
			<string>0</string>
		</dict>
		<key>59490AE21CEF274A00679BE2</key>
		<dict>
			<key>buildActionMask</key>
			<string>2147483647</string>
			<key>files</key>
			<array/>
			<key>isa</key>
			<string>PBXResourcesBuildPhase</string>
			<key>runOnlyForDeploymentPostprocessing</key>
			<string>0</string>
		</dict>
		<key>59490AE31CEF274A00679BE2</key>
		<dict>
			<key>buildConfigurationList</key>
			<string>59490AF31CEF274A00679BE2</string>
			<key>buildPhases</key>
			<array>
				<string>59490AE01CEF274A00679BE2</string>
				<string>59490AE11CEF274A00679BE2</string>
				<string>59490AE21CEF274A00679BE2</string>
			</array>
			<key>buildRules</key>
			<array/>
			<key>dependencies</key>
			<array>
				<string>59490AE61CEF274A00679BE2</string>
			</array>
			<key>isa</key>
			<string>PBXNativeTarget</string>
			<key>name</key>
			<string>Meme Maker MacUITests</string>
			<key>productName</key>
			<string>Meme Maker MacUITests</string>
			<key>productReference</key>
			<string>59490AE41CEF274A00679BE2</string>
			<key>productType</key>
			<string>com.apple.product-type.bundle.ui-testing</string>
		</dict>
		<key>59490AE41CEF274A00679BE2</key>
		<dict>
			<key>explicitFileType</key>
			<string>wrapper.cfbundle</string>
			<key>includeInIndex</key>
			<string>0</string>
			<key>isa</key>
			<string>PBXFileReference</string>
			<key>path</key>
			<string>Meme Maker MacUITests.xctest</string>
			<key>sourceTree</key>
			<string>BUILT_PRODUCTS_DIR</string>
		</dict>
		<key>59490AE51CEF274A00679BE2</key>
		<dict>
			<key>containerPortal</key>
			<string>59490ABD1CEF274A00679BE2</string>
			<key>isa</key>
			<string>PBXContainerItemProxy</string>
			<key>proxyType</key>
			<string>1</string>
			<key>remoteGlobalIDString</key>
			<string>59490AC41CEF274A00679BE2</string>
			<key>remoteInfo</key>
			<string>Meme Maker Mac</string>
		</dict>
		<key>59490AE61CEF274A00679BE2</key>
		<dict>
			<key>isa</key>
			<string>PBXTargetDependency</string>
			<key>target</key>
			<string>59490AC41CEF274A00679BE2</string>
			<key>targetProxy</key>
			<string>59490AE51CEF274A00679BE2</string>
		</dict>
		<key>59490AE71CEF274A00679BE2</key>
		<dict>
			<key>children</key>
			<array>
				<string>59490AE81CEF274A00679BE2</string>
				<string>59490AEA1CEF274A00679BE2</string>
			</array>
			<key>isa</key>
			<string>PBXGroup</string>
			<key>path</key>
			<string>Meme Maker MacUITests</string>
			<key>sourceTree</key>
			<string>&lt;group&gt;</string>
		</dict>
		<key>59490AE81CEF274A00679BE2</key>
		<dict>
			<key>isa</key>
			<string>PBXFileReference</string>
			<key>lastKnownFileType</key>
			<string>sourcecode.swift</string>
			<key>path</key>
			<string>Meme_Maker_MacUITests.swift</string>
			<key>sourceTree</key>
			<string>&lt;group&gt;</string>
		</dict>
		<key>59490AE91CEF274A00679BE2</key>
		<dict>
			<key>fileRef</key>
			<string>59490AE81CEF274A00679BE2</string>
			<key>isa</key>
			<string>PBXBuildFile</string>
		</dict>
		<key>59490AEA1CEF274A00679BE2</key>
		<dict>
			<key>isa</key>
			<string>PBXFileReference</string>
			<key>lastKnownFileType</key>
			<string>text.plist.xml</string>
			<key>path</key>
			<string>Info.plist</string>
			<key>sourceTree</key>
			<string>&lt;group&gt;</string>
		</dict>
		<key>59490AEB1CEF274A00679BE2</key>
		<dict>
			<key>buildSettings</key>
			<dict>
				<key>ALWAYS_SEARCH_USER_PATHS</key>
				<string>NO</string>
				<key>CLANG_ANALYZER_NONNULL</key>
				<string>YES</string>
				<key>CLANG_CXX_LANGUAGE_STANDARD</key>
				<string>gnu++0x</string>
				<key>CLANG_CXX_LIBRARY</key>
				<string>libc++</string>
				<key>CLANG_ENABLE_MODULES</key>
				<string>YES</string>
				<key>CLANG_ENABLE_OBJC_ARC</key>
				<string>YES</string>
				<key>CLANG_WARN_BOOL_CONVERSION</key>
				<string>YES</string>
				<key>CLANG_WARN_CONSTANT_CONVERSION</key>
				<string>YES</string>
				<key>CLANG_WARN_DIRECT_OBJC_ISA_USAGE</key>
				<string>YES_ERROR</string>
				<key>CLANG_WARN_EMPTY_BODY</key>
				<string>YES</string>
				<key>CLANG_WARN_ENUM_CONVERSION</key>
				<string>YES</string>
				<key>CLANG_WARN_INT_CONVERSION</key>
				<string>YES</string>
				<key>CLANG_WARN_OBJC_ROOT_CLASS</key>
				<string>YES_ERROR</string>
				<key>CLANG_WARN_UNREACHABLE_CODE</key>
				<string>YES</string>
				<key>CLANG_WARN__DUPLICATE_METHOD_MATCH</key>
				<string>YES</string>
				<key>CODE_SIGN_IDENTITY</key>
				<string>-</string>
				<key>COPY_PHASE_STRIP</key>
				<string>NO</string>
				<key>DEBUG_INFORMATION_FORMAT</key>
				<string>dwarf</string>
				<key>ENABLE_STRICT_OBJC_MSGSEND</key>
				<string>YES</string>
				<key>ENABLE_TESTABILITY</key>
				<string>YES</string>
				<key>GCC_C_LANGUAGE_STANDARD</key>
				<string>gnu99</string>
				<key>GCC_DYNAMIC_NO_PIC</key>
				<string>NO</string>
				<key>GCC_NO_COMMON_BLOCKS</key>
				<string>YES</string>
				<key>GCC_OPTIMIZATION_LEVEL</key>
				<string>0</string>
				<key>GCC_PREPROCESSOR_DEFINITIONS</key>
				<array>
					<string>DEBUG=1</string>
					<string>$(inherited)</string>
				</array>
				<key>GCC_WARN_64_TO_32_BIT_CONVERSION</key>
				<string>YES</string>
				<key>GCC_WARN_ABOUT_RETURN_TYPE</key>
				<string>YES_ERROR</string>
				<key>GCC_WARN_UNDECLARED_SELECTOR</key>
				<string>YES</string>
				<key>GCC_WARN_UNINITIALIZED_AUTOS</key>
				<string>YES_AGGRESSIVE</string>
				<key>GCC_WARN_UNUSED_FUNCTION</key>
				<string>YES</string>
				<key>GCC_WARN_UNUSED_VARIABLE</key>
				<string>YES</string>
				<key>MACOSX_DEPLOYMENT_TARGET</key>
				<string>10.11</string>
				<key>MTL_ENABLE_DEBUG_INFO</key>
				<string>YES</string>
				<key>ONLY_ACTIVE_ARCH</key>
				<string>YES</string>
				<key>SDKROOT</key>
				<string>macosx</string>
				<key>SWIFT_OPTIMIZATION_LEVEL</key>
				<string>-Onone</string>
			</dict>
			<key>isa</key>
			<string>XCBuildConfiguration</string>
			<key>name</key>
			<string>Debug</string>
		</dict>
		<key>59490AEC1CEF274A00679BE2</key>
		<dict>
			<key>buildSettings</key>
			<dict>
				<key>ALWAYS_SEARCH_USER_PATHS</key>
				<string>NO</string>
				<key>CLANG_ANALYZER_NONNULL</key>
				<string>YES</string>
				<key>CLANG_CXX_LANGUAGE_STANDARD</key>
				<string>gnu++0x</string>
				<key>CLANG_CXX_LIBRARY</key>
				<string>libc++</string>
				<key>CLANG_ENABLE_MODULES</key>
				<string>YES</string>
				<key>CLANG_ENABLE_OBJC_ARC</key>
				<string>YES</string>
				<key>CLANG_WARN_BOOL_CONVERSION</key>
				<string>YES</string>
				<key>CLANG_WARN_CONSTANT_CONVERSION</key>
				<string>YES</string>
				<key>CLANG_WARN_DIRECT_OBJC_ISA_USAGE</key>
				<string>YES_ERROR</string>
				<key>CLANG_WARN_EMPTY_BODY</key>
				<string>YES</string>
				<key>CLANG_WARN_ENUM_CONVERSION</key>
				<string>YES</string>
				<key>CLANG_WARN_INT_CONVERSION</key>
				<string>YES</string>
				<key>CLANG_WARN_OBJC_ROOT_CLASS</key>
				<string>YES_ERROR</string>
				<key>CLANG_WARN_UNREACHABLE_CODE</key>
				<string>YES</string>
				<key>CLANG_WARN__DUPLICATE_METHOD_MATCH</key>
				<string>YES</string>
				<key>CODE_SIGN_IDENTITY</key>
				<string>-</string>
				<key>COPY_PHASE_STRIP</key>
				<string>NO</string>
				<key>DEBUG_INFORMATION_FORMAT</key>
				<string>dwarf-with-dsym</string>
				<key>ENABLE_NS_ASSERTIONS</key>
				<string>NO</string>
				<key>ENABLE_STRICT_OBJC_MSGSEND</key>
				<string>YES</string>
				<key>GCC_C_LANGUAGE_STANDARD</key>
				<string>gnu99</string>
				<key>GCC_NO_COMMON_BLOCKS</key>
				<string>YES</string>
				<key>GCC_WARN_64_TO_32_BIT_CONVERSION</key>
				<string>YES</string>
				<key>GCC_WARN_ABOUT_RETURN_TYPE</key>
				<string>YES_ERROR</string>
				<key>GCC_WARN_UNDECLARED_SELECTOR</key>
				<string>YES</string>
				<key>GCC_WARN_UNINITIALIZED_AUTOS</key>
				<string>YES_AGGRESSIVE</string>
				<key>GCC_WARN_UNUSED_FUNCTION</key>
				<string>YES</string>
				<key>GCC_WARN_UNUSED_VARIABLE</key>
				<string>YES</string>
				<key>MACOSX_DEPLOYMENT_TARGET</key>
				<string>10.11</string>
				<key>MTL_ENABLE_DEBUG_INFO</key>
				<string>NO</string>
				<key>SDKROOT</key>
				<string>macosx</string>
			</dict>
			<key>isa</key>
			<string>XCBuildConfiguration</string>
			<key>name</key>
			<string>Release</string>
		</dict>
		<key>59490AED1CEF274A00679BE2</key>
		<dict>
			<key>buildConfigurations</key>
			<array>
				<string>59490AEE1CEF274A00679BE2</string>
				<string>59490AEF1CEF274A00679BE2</string>
			</array>
			<key>defaultConfigurationIsVisible</key>
			<string>0</string>
			<key>defaultConfigurationName</key>
			<string>Release</string>
			<key>isa</key>
			<string>XCConfigurationList</string>
		</dict>
		<key>59490AEE1CEF274A00679BE2</key>
		<dict>
			<key>baseConfigurationReference</key>
			<string>81DCF0E6C3E12AD2B440E369</string>
			<key>buildSettings</key>
			<dict>
				<key>ASSETCATALOG_COMPILER_APPICON_NAME</key>
				<string>AppIcon</string>
				<key>COMBINE_HIDPI_IMAGES</key>
				<string>YES</string>
				<key>INFOPLIST_FILE</key>
				<string>Meme Maker Mac/Info.plist</string>
				<key>LD_RUNPATH_SEARCH_PATHS</key>
				<string>$(inherited) @executable_path/../Frameworks</string>
				<key>PRODUCT_BUNDLE_IDENTIFIER</key>
				<string>com.avikantz.Meme-Maker-Mac</string>
				<key>PRODUCT_NAME</key>
				<string>$(TARGET_NAME)</string>
			</dict>
			<key>isa</key>
			<string>XCBuildConfiguration</string>
			<key>name</key>
			<string>Debug</string>
		</dict>
		<key>59490AEF1CEF274A00679BE2</key>
		<dict>
			<key>baseConfigurationReference</key>
			<string>A998A181C4675F794C9B1C9A</string>
			<key>buildSettings</key>
			<dict>
				<key>ASSETCATALOG_COMPILER_APPICON_NAME</key>
				<string>AppIcon</string>
				<key>COMBINE_HIDPI_IMAGES</key>
				<string>YES</string>
				<key>INFOPLIST_FILE</key>
				<string>Meme Maker Mac/Info.plist</string>
				<key>LD_RUNPATH_SEARCH_PATHS</key>
				<string>$(inherited) @executable_path/../Frameworks</string>
				<key>PRODUCT_BUNDLE_IDENTIFIER</key>
				<string>com.avikantz.Meme-Maker-Mac</string>
				<key>PRODUCT_NAME</key>
				<string>$(TARGET_NAME)</string>
			</dict>
			<key>isa</key>
			<string>XCBuildConfiguration</string>
			<key>name</key>
			<string>Release</string>
		</dict>
		<key>59490AF01CEF274A00679BE2</key>
		<dict>
			<key>buildConfigurations</key>
			<array>
				<string>59490AF11CEF274A00679BE2</string>
				<string>59490AF21CEF274A00679BE2</string>
			</array>
			<key>defaultConfigurationIsVisible</key>
			<string>0</string>
			<key>defaultConfigurationName</key>
			<string>Release</string>
			<key>isa</key>
			<string>XCConfigurationList</string>
		</dict>
		<key>59490AF11CEF274A00679BE2</key>
		<dict>
			<key>buildSettings</key>
			<dict>
				<key>BUNDLE_LOADER</key>
				<string>$(TEST_HOST)</string>
				<key>COMBINE_HIDPI_IMAGES</key>
				<string>YES</string>
				<key>INFOPLIST_FILE</key>
				<string>Meme Maker MacTests/Info.plist</string>
				<key>LD_RUNPATH_SEARCH_PATHS</key>
				<string>$(inherited) @executable_path/../Frameworks @loader_path/../Frameworks</string>
				<key>PRODUCT_BUNDLE_IDENTIFIER</key>
				<string>com.avikantz.Meme-Maker-MacTests</string>
				<key>PRODUCT_NAME</key>
				<string>$(TARGET_NAME)</string>
				<key>TEST_HOST</key>
				<string>$(BUILT_PRODUCTS_DIR)/Meme Maker Mac.app/Contents/MacOS/Meme Maker Mac</string>
			</dict>
			<key>isa</key>
			<string>XCBuildConfiguration</string>
			<key>name</key>
			<string>Debug</string>
		</dict>
		<key>59490AF21CEF274A00679BE2</key>
		<dict>
			<key>buildSettings</key>
			<dict>
				<key>BUNDLE_LOADER</key>
				<string>$(TEST_HOST)</string>
				<key>COMBINE_HIDPI_IMAGES</key>
				<string>YES</string>
				<key>INFOPLIST_FILE</key>
				<string>Meme Maker MacTests/Info.plist</string>
				<key>LD_RUNPATH_SEARCH_PATHS</key>
				<string>$(inherited) @executable_path/../Frameworks @loader_path/../Frameworks</string>
				<key>PRODUCT_BUNDLE_IDENTIFIER</key>
				<string>com.avikantz.Meme-Maker-MacTests</string>
				<key>PRODUCT_NAME</key>
				<string>$(TARGET_NAME)</string>
				<key>TEST_HOST</key>
				<string>$(BUILT_PRODUCTS_DIR)/Meme Maker Mac.app/Contents/MacOS/Meme Maker Mac</string>
			</dict>
			<key>isa</key>
			<string>XCBuildConfiguration</string>
			<key>name</key>
			<string>Release</string>
		</dict>
		<key>59490AF31CEF274A00679BE2</key>
		<dict>
			<key>buildConfigurations</key>
			<array>
				<string>59490AF41CEF274A00679BE2</string>
				<string>59490AF51CEF274A00679BE2</string>
			</array>
			<key>defaultConfigurationIsVisible</key>
			<string>0</string>
			<key>defaultConfigurationName</key>
			<string>Release</string>
			<key>isa</key>
			<string>XCConfigurationList</string>
		</dict>
		<key>59490AF41CEF274A00679BE2</key>
		<dict>
			<key>buildSettings</key>
			<dict>
				<key>COMBINE_HIDPI_IMAGES</key>
				<string>YES</string>
				<key>INFOPLIST_FILE</key>
				<string>Meme Maker MacUITests/Info.plist</string>
				<key>LD_RUNPATH_SEARCH_PATHS</key>
				<string>$(inherited) @executable_path/../Frameworks @loader_path/../Frameworks</string>
				<key>PRODUCT_BUNDLE_IDENTIFIER</key>
				<string>com.avikantz.Meme-Maker-MacUITests</string>
				<key>PRODUCT_NAME</key>
				<string>$(TARGET_NAME)</string>
				<key>TEST_TARGET_NAME</key>
				<string>Meme Maker Mac</string>
			</dict>
			<key>isa</key>
			<string>XCBuildConfiguration</string>
			<key>name</key>
			<string>Debug</string>
		</dict>
		<key>59490AF51CEF274A00679BE2</key>
		<dict>
			<key>buildSettings</key>
			<dict>
				<key>COMBINE_HIDPI_IMAGES</key>
				<string>YES</string>
				<key>INFOPLIST_FILE</key>
				<string>Meme Maker MacUITests/Info.plist</string>
				<key>LD_RUNPATH_SEARCH_PATHS</key>
				<string>$(inherited) @executable_path/../Frameworks @loader_path/../Frameworks</string>
				<key>PRODUCT_BUNDLE_IDENTIFIER</key>
				<string>com.avikantz.Meme-Maker-MacUITests</string>
				<key>PRODUCT_NAME</key>
				<string>$(TARGET_NAME)</string>
				<key>TEST_TARGET_NAME</key>
				<string>Meme Maker Mac</string>
			</dict>
			<key>isa</key>
			<string>XCBuildConfiguration</string>
			<key>name</key>
			<string>Release</string>
		</dict>
		<key>59490AF61CEF275E00679BE2</key>
		<dict>
			<key>children</key>
			<array>
				<string>59FA74D51CF3199D00C39BCF</string>
				<string>59490AD41CEF274A00679BE2</string>
				<string>59FA74DA1CF31B6300C39BCF</string>
			</array>
			<key>isa</key>
			<string>PBXGroup</string>
			<key>name</key>
			<string>Supporting Files</string>
			<key>sourceTree</key>
			<string>&lt;group&gt;</string>
		</dict>
		<key>59490AF71CEF276600679BE2</key>
		<dict>
			<key>children</key>
			<array>
				<string>59490AFD1CEF283100679BE2</string>
				<string>59490AFB1CEF282300679BE2</string>
			</array>
			<key>isa</key>
			<string>PBXGroup</string>
			<key>name</key>
			<string>Controllers</string>
			<key>sourceTree</key>
			<string>&lt;group&gt;</string>
		</dict>
		<key>59490AF81CEF276A00679BE2</key>
		<dict>
			<key>children</key>
			<array>
				<string>59FA74DE1CF31C1200C39BCF</string>
				<string>59FA74DC1CF31C0F00C39BCF</string>
				<string>59FA74CB1CF3199400C39BCF</string>
				<string>59490ACC1CEF274A00679BE2</string>
			</array>
			<key>isa</key>
			<string>PBXGroup</string>
			<key>name</key>
			<string>Models</string>
			<key>sourceTree</key>
			<string>&lt;group&gt;</string>
		</dict>
		<key>59490AF91CEF277100679BE2</key>
		<dict>
			<key>children</key>
			<array>
				<string>59490AFF1CEF333900679BE2</string>
				<string>59490AD11CEF274A00679BE2</string>
			</array>
			<key>isa</key>
			<string>PBXGroup</string>
			<key>name</key>
			<string>Views</string>
			<key>sourceTree</key>
			<string>&lt;group&gt;</string>
		</dict>
		<key>59490AFA1CEF277A00679BE2</key>
		<dict>
			<key>children</key>
			<array>
				<string>59490AC81CEF274A00679BE2</string>
			</array>
			<key>isa</key>
			<string>PBXGroup</string>
			<key>name</key>
			<string>App Delegate</string>
			<key>sourceTree</key>
			<string>&lt;group&gt;</string>
		</dict>
		<key>59490AFB1CEF282300679BE2</key>
		<dict>
			<key>fileEncoding</key>
			<string>4</string>
			<key>isa</key>
			<string>PBXFileReference</string>
			<key>lastKnownFileType</key>
			<string>sourcecode.swift</string>
			<key>name</key>
			<string>ViewController.swift</string>
			<key>path</key>
			<string>Controllers/ViewController.swift</string>
			<key>sourceTree</key>
			<string>&lt;group&gt;</string>
		</dict>
		<key>59490AFC1CEF282300679BE2</key>
		<dict>
			<key>fileRef</key>
			<string>59490AFB1CEF282300679BE2</string>
			<key>isa</key>
			<string>PBXBuildFile</string>
		</dict>
		<key>59490AFD1CEF283100679BE2</key>
		<dict>
			<key>fileEncoding</key>
			<string>4</string>
			<key>isa</key>
			<string>PBXFileReference</string>
			<key>lastKnownFileType</key>
			<string>sourcecode.swift</string>
			<key>name</key>
			<string>WindowController.swift</string>
			<key>path</key>
			<string>Controllers/WindowController.swift</string>
			<key>sourceTree</key>
			<string>&lt;group&gt;</string>
		</dict>
		<key>59490AFE1CEF283100679BE2</key>
		<dict>
			<key>fileRef</key>
			<string>59490AFD1CEF283100679BE2</string>
			<key>isa</key>
			<string>PBXBuildFile</string>
		</dict>
		<key>59490AFF1CEF333900679BE2</key>
		<dict>
			<key>children</key>
			<array>
				<string>59FA74C51CF318C600C39BCF</string>
				<string>59490B001CEF335500679BE2</string>
				<string>59490B011CEF335500679BE2</string>
				<string>59490B041CEF336200679BE2</string>
				<string>59490B051CEF336200679BE2</string>
			</array>
			<key>isa</key>
			<string>PBXGroup</string>
			<key>name</key>
			<string>Cells</string>
			<key>sourceTree</key>
			<string>&lt;group&gt;</string>
		</dict>
		<key>59490B001CEF335500679BE2</key>
		<dict>
			<key>fileEncoding</key>
			<string>4</string>
			<key>isa</key>
			<string>PBXFileReference</string>
			<key>lastKnownFileType</key>
			<string>sourcecode.swift</string>
			<key>name</key>
			<string>GridCollectionViewItem.swift</string>
			<key>path</key>
			<string>Views/Cells/GridCollectionViewItem.swift</string>
			<key>sourceTree</key>
			<string>&lt;group&gt;</string>
		</dict>
		<key>59490B011CEF335500679BE2</key>
		<dict>
			<key>fileEncoding</key>
			<string>4</string>
			<key>isa</key>
			<string>PBXFileReference</string>
			<key>lastKnownFileType</key>
			<string>file.xib</string>
			<key>name</key>
			<string>GridCollectionViewItem.xib</string>
			<key>path</key>
			<string>Views/Cells/GridCollectionViewItem.xib</string>
			<key>sourceTree</key>
			<string>&lt;group&gt;</string>
		</dict>
		<key>59490B021CEF335500679BE2</key>
		<dict>
			<key>fileRef</key>
			<string>59490B001CEF335500679BE2</string>
			<key>isa</key>
			<string>PBXBuildFile</string>
		</dict>
		<key>59490B031CEF335500679BE2</key>
		<dict>
			<key>fileRef</key>
			<string>59490B011CEF335500679BE2</string>
			<key>isa</key>
			<string>PBXBuildFile</string>
		</dict>
		<key>59490B041CEF336200679BE2</key>
		<dict>
			<key>fileEncoding</key>
			<string>4</string>
			<key>isa</key>
			<string>PBXFileReference</string>
			<key>lastKnownFileType</key>
			<string>sourcecode.swift</string>
			<key>name</key>
			<string>ListCollectionViewItel.swift</string>
			<key>path</key>
			<string>Views/Cells/ListCollectionViewItel.swift</string>
			<key>sourceTree</key>
			<string>&lt;group&gt;</string>
		</dict>
		<key>59490B051CEF336200679BE2</key>
		<dict>
			<key>fileEncoding</key>
			<string>4</string>
			<key>isa</key>
			<string>PBXFileReference</string>
			<key>lastKnownFileType</key>
			<string>file.xib</string>
			<key>name</key>
			<string>ListCollectionViewItel.xib</string>
			<key>path</key>
			<string>Views/Cells/ListCollectionViewItel.xib</string>
			<key>sourceTree</key>
			<string>&lt;group&gt;</string>
		</dict>
		<key>59490B061CEF336200679BE2</key>
		<dict>
			<key>fileRef</key>
			<string>59490B041CEF336200679BE2</string>
			<key>isa</key>
			<string>PBXBuildFile</string>
		</dict>
		<key>59490B071CEF336200679BE2</key>
		<dict>
			<key>fileRef</key>
			<string>59490B051CEF336200679BE2</string>
			<key>isa</key>
			<string>PBXBuildFile</string>
		</dict>
		<key>59FA74C51CF318C600C39BCF</key>
		<dict>
			<key>fileEncoding</key>
			<string>4</string>
			<key>isa</key>
			<string>PBXFileReference</string>
			<key>lastKnownFileType</key>
			<string>sourcecode.swift</string>
			<key>name</key>
			<string>BaseCollectionViewItem.swift</string>
			<key>path</key>
			<string>Views/Cells/BaseCollectionViewItem.swift</string>
			<key>sourceTree</key>
			<string>&lt;group&gt;</string>
		</dict>
		<key>59FA74C61CF318C600C39BCF</key>
		<dict>
			<key>fileRef</key>
			<string>59FA74C51CF318C600C39BCF</string>
			<key>isa</key>
			<string>PBXBuildFile</string>
		</dict>
		<key>59FA74C91CF3199400C39BCF</key>
		<dict>
			<key>fileEncoding</key>
			<string>4</string>
			<key>isa</key>
			<string>PBXFileReference</string>
			<key>lastKnownFileType</key>
			<string>sourcecode.swift</string>
			<key>name</key>
			<string>XMeme.swift</string>
			<key>path</key>
			<string>Models/XMeme.swift</string>
			<key>sourceTree</key>
			<string>&lt;group&gt;</string>
		</dict>
		<key>59FA74CA1CF3199400C39BCF</key>
		<dict>
			<key>fileEncoding</key>
			<string>4</string>
			<key>isa</key>
			<string>PBXFileReference</string>
			<key>lastKnownFileType</key>
			<string>sourcecode.swift</string>
			<key>name</key>
			<string>XMeme+CoreDataProperties.swift</string>
			<key>path</key>
			<string>Models/XMeme+CoreDataProperties.swift</string>
			<key>sourceTree</key>
			<string>&lt;group&gt;</string>
		</dict>
		<key>59FA74CB1CF3199400C39BCF</key>
		<dict>
			<key>fileEncoding</key>
			<string>4</string>
			<key>isa</key>
			<string>PBXFileReference</string>
			<key>lastKnownFileType</key>
			<string>sourcecode.swift</string>
			<key>name</key>
			<string>XTextAttributes.swift</string>
			<key>path</key>
			<string>Models/XTextAttributes.swift</string>
			<key>sourceTree</key>
			<string>&lt;group&gt;</string>
		</dict>
		<key>59FA74D01CF3199400C39BCF</key>
		<dict>
			<key>fileRef</key>
			<string>59FA74C91CF3199400C39BCF</string>
			<key>isa</key>
			<string>PBXBuildFile</string>
		</dict>
		<key>59FA74D11CF3199400C39BCF</key>
		<dict>
			<key>fileRef</key>
			<string>59FA74CA1CF3199400C39BCF</string>
			<key>isa</key>
			<string>PBXBuildFile</string>
		</dict>
		<key>59FA74D21CF3199400C39BCF</key>
		<dict>
			<key>fileRef</key>
			<string>59FA74CB1CF3199400C39BCF</string>
			<key>isa</key>
			<string>PBXBuildFile</string>
		</dict>
		<key>59FA74D51CF3199D00C39BCF</key>
		<dict>
			<key>children</key>
			<array>
				<string>59FA74D61CF3199D00C39BCF</string>
				<string>59FA74D71CF3199D00C39BCF</string>
			</array>
			<key>isa</key>
			<string>PBXGroup</string>
			<key>name</key>
			<string>Default</string>
			<key>path</key>
			<string>Supporting Files/Default</string>
			<key>sourceTree</key>
			<string>&lt;group&gt;</string>
		</dict>
		<key>59FA74D61CF3199D00C39BCF</key>
		<dict>
			<key>fileEncoding</key>
			<string>4</string>
			<key>isa</key>
			<string>PBXFileReference</string>
			<key>lastKnownFileType</key>
			<string>text</string>
			<key>path</key>
			<string>defaultMemes.dat</string>
			<key>sourceTree</key>
			<string>&lt;group&gt;</string>
		</dict>
		<key>59FA74D71CF3199D00C39BCF</key>
		<dict>
			<key>isa</key>
			<string>PBXFileReference</string>
			<key>lastKnownFileType</key>
			<string>archive.zip</string>
			<key>path</key>
			<string>defaultMemes.zip</string>
			<key>sourceTree</key>
			<string>&lt;group&gt;</string>
		</dict>
		<key>59FA74D81CF3199D00C39BCF</key>
		<dict>
			<key>fileRef</key>
			<string>59FA74D61CF3199D00C39BCF</string>
			<key>isa</key>
			<string>PBXBuildFile</string>
		</dict>
		<key>59FA74D91CF3199D00C39BCF</key>
		<dict>
			<key>fileRef</key>
			<string>59FA74D71CF3199D00C39BCF</string>
			<key>isa</key>
			<string>PBXBuildFile</string>
		</dict>
		<key>59FA74DA1CF31B6300C39BCF</key>
		<dict>
			<key>fileEncoding</key>
			<string>4</string>
			<key>isa</key>
			<string>PBXFileReference</string>
			<key>lastKnownFileType</key>
			<string>sourcecode.swift</string>
			<key>name</key>
			<string>PrefixHeader.swift</string>
			<key>path</key>
			<string>Supporting Files/PrefixHeader.swift</string>
			<key>sourceTree</key>
			<string>&lt;group&gt;</string>
		</dict>
		<key>59FA74DB1CF31B6300C39BCF</key>
		<dict>
			<key>fileRef</key>
			<string>59FA74DA1CF31B6300C39BCF</string>
			<key>isa</key>
			<string>PBXBuildFile</string>
		</dict>
		<key>59FA74DC1CF31C0F00C39BCF</key>
		<dict>
			<key>fileEncoding</key>
			<string>4</string>
			<key>isa</key>
			<string>PBXFileReference</string>
			<key>lastKnownFileType</key>
			<string>sourcecode.swift</string>
			<key>name</key>
			<string>SettingsManager.swift</string>
			<key>path</key>
			<string>Models/SettingsManager.swift</string>
			<key>sourceTree</key>
			<string>&lt;group&gt;</string>
		</dict>
		<key>59FA74DD1CF31C0F00C39BCF</key>
		<dict>
			<key>fileRef</key>
			<string>59FA74DC1CF31C0F00C39BCF</string>
			<key>isa</key>
			<string>PBXBuildFile</string>
		</dict>
		<key>59FA74DE1CF31C1200C39BCF</key>
		<dict>
			<key>children</key>
			<array>
				<string>59FA74C91CF3199400C39BCF</string>
				<string>59FA74CA1CF3199400C39BCF</string>
			</array>
			<key>isa</key>
			<string>PBXGroup</string>
			<key>name</key>
			<string>XMeme</string>
			<key>sourceTree</key>
			<string>&lt;group&gt;</string>
		</dict>
		<key>7120BFC91C9C15924F9194DC</key>
		<dict>
			<key>children</key>
			<array>
				<string>81DCF0E6C3E12AD2B440E369</string>
				<string>A998A181C4675F794C9B1C9A</string>
			</array>
			<key>isa</key>
			<string>PBXGroup</string>
			<key>name</key>
			<string>Pods</string>
			<key>sourceTree</key>
			<string>&lt;group&gt;</string>
		</dict>
		<key>81DCF0E6C3E12AD2B440E369</key>
		<dict>
			<key>includeInIndex</key>
			<string>1</string>
			<key>isa</key>
			<string>PBXFileReference</string>
			<key>lastKnownFileType</key>
			<string>text.xcconfig</string>
			<key>name</key>
			<string>Pods-Meme Maker Mac.debug.xcconfig</string>
			<key>path</key>
			<string>Pods/Target Support Files/Pods-Meme Maker Mac/Pods-Meme Maker Mac.debug.xcconfig</string>
			<key>sourceTree</key>
			<string>&lt;group&gt;</string>
		</dict>
		<key>9DEB15A50AAE36F66F1BE4EB</key>
		<dict>
			<key>children</key>
			<array>
				<string>BD40F2C0E915C28C13E4A6C3</string>
			</array>
			<key>isa</key>
			<string>PBXGroup</string>
			<key>name</key>
			<string>Frameworks</string>
			<key>sourceTree</key>
			<string>&lt;group&gt;</string>
		</dict>
		<key>A07E53E5AC73211CDB066F26</key>
		<dict>
			<key>buildActionMask</key>
			<string>2147483647</string>
			<key>files</key>
			<array/>
			<key>inputPaths</key>
			<array/>
			<key>isa</key>
			<string>PBXShellScriptBuildPhase</string>
			<key>name</key>
			<string>Check Pods Manifest.lock</string>
			<key>outputPaths</key>
			<array/>
			<key>runOnlyForDeploymentPostprocessing</key>
			<string>0</string>
			<key>shellPath</key>
			<string>/bin/sh</string>
			<key>shellScript</key>
			<string>diff "${PODS_ROOT}/../Podfile.lock" "${PODS_ROOT}/Manifest.lock" &gt; /dev/null
if [[ $? != 0 ]] ; then
    cat &lt;&lt; EOM
error: The sandbox is not in sync with the Podfile.lock. Run 'pod install' or update your CocoaPods installation.
EOM
    exit 1
fi
</string>
			<key>showEnvVarsInLog</key>
			<string>0</string>
		</dict>
		<key>A4488E23624B8E5780D2FB17</key>
		<dict>
			<key>buildActionMask</key>
			<string>2147483647</string>
			<key>files</key>
			<array/>
			<key>inputPaths</key>
			<array/>
			<key>isa</key>
			<string>PBXShellScriptBuildPhase</string>
			<key>name</key>
			<string>Copy Pods Resources</string>
			<key>outputPaths</key>
			<array/>
			<key>runOnlyForDeploymentPostprocessing</key>
			<string>0</string>
			<key>shellPath</key>
			<string>/bin/sh</string>
			<key>shellScript</key>
			<string>"${SRCROOT}/Pods/Target Support Files/Pods-Meme Maker Mac/Pods-Meme Maker Mac-resources.sh"
</string>
			<key>showEnvVarsInLog</key>
			<string>0</string>
		</dict>
		<key>A998A181C4675F794C9B1C9A</key>
		<dict>
			<key>includeInIndex</key>
			<string>1</string>
			<key>isa</key>
			<string>PBXFileReference</string>
			<key>lastKnownFileType</key>
			<string>text.xcconfig</string>
			<key>name</key>
			<string>Pods-Meme Maker Mac.release.xcconfig</string>
			<key>path</key>
			<string>Pods/Target Support Files/Pods-Meme Maker Mac/Pods-Meme Maker Mac.release.xcconfig</string>
			<key>sourceTree</key>
			<string>&lt;group&gt;</string>
		</dict>
		<key>AA226EDF462C56A3B02506C6</key>
		<dict>
			<key>fileRef</key>
			<string>BD40F2C0E915C28C13E4A6C3</string>
			<key>isa</key>
			<string>PBXBuildFile</string>
		</dict>
		<key>ADF2E0C1E4DB853EC9DEC2D6</key>
		<dict>
			<key>buildActionMask</key>
			<string>2147483647</string>
			<key>files</key>
			<array/>
			<key>inputPaths</key>
			<array/>
			<key>isa</key>
			<string>PBXShellScriptBuildPhase</string>
			<key>name</key>
			<string>Embed Pods Frameworks</string>
			<key>outputPaths</key>
			<array/>
			<key>runOnlyForDeploymentPostprocessing</key>
			<string>0</string>
			<key>shellPath</key>
			<string>/bin/sh</string>
			<key>shellScript</key>
			<string>"${SRCROOT}/Pods/Target Support Files/Pods-Meme Maker Mac/Pods-Meme Maker Mac-frameworks.sh"
</string>
			<key>showEnvVarsInLog</key>
			<string>0</string>
		</dict>
		<key>BD40F2C0E915C28C13E4A6C3</key>
		<dict>
			<key>explicitFileType</key>
			<string>wrapper.framework</string>
			<key>includeInIndex</key>
			<string>0</string>
			<key>isa</key>
			<string>PBXFileReference</string>
			<key>path</key>
			<string>Pods_Meme_Maker_Mac.framework</string>
			<key>sourceTree</key>
			<string>BUILT_PRODUCTS_DIR</string>
		</dict>
	</dict>
	<key>rootObject</key>
	<string>59490ABD1CEF274A00679BE2</string>
</dict>
</plist>
