// !$*UTF8*$!
{
	archiveVersion = 1;
	classes = {
	};
	objectVersion = 46;
	objects = {

/* Begin PBXBuildFile section */
		0FA8212A77C6872A4E1B2BD1 /* Pods_Meme_MakerUITests.framework in Frameworks */ = {isa = PBXBuildFile; fileRef = A43AF55806386D9BC296E70A /* Pods_Meme_MakerUITests.framework */; };
		31D0F4EC0814FD36F3547CCD /* Pods_Meme_Maker.framework in Frameworks */ = {isa = PBXBuildFile; fileRef = 74697A5780D6A37B06DC4F61 /* Pods_Meme_Maker.framework */; };
		355DAD2DF834F7D6EF0A7FA4 /* Pods_Meme_Maker_MacUITests.framework in Frameworks */ = {isa = PBXBuildFile; fileRef = 87ACDF416E43163D763FE822 /* Pods_Meme_Maker_MacUITests.framework */; };
		5935C23B1D2CD1B6005E18AE /* SettingsViewController.swift in Sources */ = {isa = PBXBuildFile; fileRef = 5935C2391D2CD1B6005E18AE /* SettingsViewController.swift */; };
		5935C23E1D2CEF78005E18AE /* MemeFetcher.swift in Sources */ = {isa = PBXBuildFile; fileRef = 5935C23D1D2CEF78005E18AE /* MemeFetcher.swift */; };
		594147651D2EBBD0004A6AF7 /* XUndoManager.swift in Sources */ = {isa = PBXBuildFile; fileRef = 594147641D2EBBD0004A6AF7 /* XUndoManager.swift */; };
		59490AC91CEF274A00679BE2 /* AppDelegate.swift in Sources */ = {isa = PBXBuildFile; fileRef = 59490AC81CEF274A00679BE2 /* AppDelegate.swift */; };
		59490ACE1CEF274A00679BE2 /* Meme_Maker_Mac.xcdatamodeld in Sources */ = {isa = PBXBuildFile; fileRef = 59490ACC1CEF274A00679BE2 /* Meme_Maker_Mac.xcdatamodeld */; };
		59490AD01CEF274A00679BE2 /* Assets.xcassets in Resources */ = {isa = PBXBuildFile; fileRef = 59490ACF1CEF274A00679BE2 /* Assets.xcassets */; };
		59490AD31CEF274A00679BE2 /* Main.storyboard in Resources */ = {isa = PBXBuildFile; fileRef = 59490AD11CEF274A00679BE2 /* Main.storyboard */; };
		59490ADE1CEF274A00679BE2 /* Meme_Maker_MacTests.swift in Sources */ = {isa = PBXBuildFile; fileRef = 59490ADD1CEF274A00679BE2 /* Meme_Maker_MacTests.swift */; };
		59490AE91CEF274A00679BE2 /* Meme_Maker_MacUITests.swift in Sources */ = {isa = PBXBuildFile; fileRef = 59490AE81CEF274A00679BE2 /* Meme_Maker_MacUITests.swift */; };
		59490AFC1CEF282300679BE2 /* ViewController.swift in Sources */ = {isa = PBXBuildFile; fileRef = 59490AFB1CEF282300679BE2 /* ViewController.swift */; };
		59490AFE1CEF283100679BE2 /* WindowController.swift in Sources */ = {isa = PBXBuildFile; fileRef = 59490AFD1CEF283100679BE2 /* WindowController.swift */; };
		59490B021CEF335500679BE2 /* GridCollectionViewItem.swift in Sources */ = {isa = PBXBuildFile; fileRef = 59490B001CEF335500679BE2 /* GridCollectionViewItem.swift */; };
		59490B031CEF335500679BE2 /* GridCollectionViewItem.xib in Resources */ = {isa = PBXBuildFile; fileRef = 59490B011CEF335500679BE2 /* GridCollectionViewItem.xib */; };
		59490B061CEF336200679BE2 /* ListCollectionViewItel.swift in Sources */ = {isa = PBXBuildFile; fileRef = 59490B041CEF336200679BE2 /* ListCollectionViewItel.swift */; };
		59490B071CEF336200679BE2 /* ListCollectionViewItel.xib in Resources */ = {isa = PBXBuildFile; fileRef = 59490B051CEF336200679BE2 /* ListCollectionViewItel.xib */; };
		5973F15C1D22418000080706 /* EditorViewController.swift in Sources */ = {isa = PBXBuildFile; fileRef = 5973F15B1D22418000080706 /* EditorViewController.swift */; };
		59AB9EEA1D2C136E002386B5 /* AttributeEditorViewController.swift in Sources */ = {isa = PBXBuildFile; fileRef = 59AB9EE91D2C136E002386B5 /* AttributeEditorViewController.swift */; };
		59AB9EF41D2C268D002386B5 /* GRSeparatorLineView.m in Sources */ = {isa = PBXBuildFile; fileRef = 59AB9EED1D2C268D002386B5 /* GRSeparatorLineView.m */; };
		59AB9EF51D2C268D002386B5 /* GRVibrantTitlebarView.m in Sources */ = {isa = PBXBuildFile; fileRef = 59AB9EEF1D2C268D002386B5 /* GRVibrantTitlebarView.m */; };
		59AB9EF61D2C268D002386B5 /* GRVibrantTitlebarWindow.m in Sources */ = {isa = PBXBuildFile; fileRef = 59AB9EF11D2C268D002386B5 /* GRVibrantTitlebarWindow.m */; };
		59AB9EF71D2C268D002386B5 /* GRVibrantTitleView.m in Sources */ = {isa = PBXBuildFile; fileRef = 59AB9EF31D2C268D002386B5 /* GRVibrantTitleView.m */; };
		59AB9EFA1D2C2693002386B5 /* DragDropImageView.m in Sources */ = {isa = PBXBuildFile; fileRef = 59AB9EF91D2C2693002386B5 /* DragDropImageView.m */; };
		59B4EEAB1D3017E9000092DA /* HelpViewController.swift in Sources */ = {isa = PBXBuildFile; fileRef = 59B4EEAA1D3017E9000092DA /* HelpViewController.swift */; };
		59B4EEAE1D301847000092DA /* quotes.json in Resources */ = {isa = PBXBuildFile; fileRef = 59B4EEAD1D301847000092DA /* quotes.json */; };
		59D21D171D2D75F600CF0EF9 /* SortViewController.swift in Sources */ = {isa = PBXBuildFile; fileRef = 59D21D161D2D75F600CF0EF9 /* SortViewController.swift */; };
		59D21D191D2D77D400CF0EF9 /* Constants.swift in Sources */ = {isa = PBXBuildFile; fileRef = 59D21D181D2D77D400CF0EF9 /* Constants.swift */; };
		59FA74C61CF318C600C39BCF /* BaseCollectionViewItem.swift in Sources */ = {isa = PBXBuildFile; fileRef = 59FA74C51CF318C600C39BCF /* BaseCollectionViewItem.swift */; };
		59FA74D01CF3199400C39BCF /* XMeme.swift in Sources */ = {isa = PBXBuildFile; fileRef = 59FA74C91CF3199400C39BCF /* XMeme.swift */; };
		59FA74D11CF3199400C39BCF /* XMeme+CoreDataProperties.swift in Sources */ = {isa = PBXBuildFile; fileRef = 59FA74CA1CF3199400C39BCF /* XMeme+CoreDataProperties.swift */; };
		59FA74D21CF3199400C39BCF /* XTextAttributes.swift in Sources */ = {isa = PBXBuildFile; fileRef = 59FA74CB1CF3199400C39BCF /* XTextAttributes.swift */; };
		59FA74D81CF3199D00C39BCF /* defaultMemes.dat in Resources */ = {isa = PBXBuildFile; fileRef = 59FA74D61CF3199D00C39BCF /* defaultMemes.dat */; };
		59FA74D91CF3199D00C39BCF /* defaultMemes.zip in Resources */ = {isa = PBXBuildFile; fileRef = 59FA74D71CF3199D00C39BCF /* defaultMemes.zip */; };
		59FA74DB1CF31B6300C39BCF /* PrefixHeader.swift in Sources */ = {isa = PBXBuildFile; fileRef = 59FA74DA1CF31B6300C39BCF /* PrefixHeader.swift */; };
		59FA74DD1CF31C0F00C39BCF /* SettingsManager.swift in Sources */ = {isa = PBXBuildFile; fileRef = 59FA74DC1CF31C0F00C39BCF /* SettingsManager.swift */; };
		5ABE70C20B1348F5F7761AC9 /* Pods_Meme_Maker_MacTests.framework in Frameworks */ = {isa = PBXBuildFile; fileRef = 2BD0DA5FA3406E915967ACC2 /* Pods_Meme_Maker_MacTests.framework */; };
		B2322868D01192BF6072BC49 /* Pods_Meme_MakerTests.framework in Frameworks */ = {isa = PBXBuildFile; fileRef = E3509DDACF1ABD54BCFF1E2A /* Pods_Meme_MakerTests.framework */; };
/* End PBXBuildFile section */

/* Begin PBXContainerItemProxy section */
		59490ADA1CEF274A00679BE2 /* PBXContainerItemProxy */ = {
			isa = PBXContainerItemProxy;
			containerPortal = 59490ABD1CEF274A00679BE2 /* Project object */;
			proxyType = 1;
			remoteGlobalIDString = 59490AC41CEF274A00679BE2;
			remoteInfo = "Meme Maker Mac";
		};
		59490AE51CEF274A00679BE2 /* PBXContainerItemProxy */ = {
			isa = PBXContainerItemProxy;
			containerPortal = 59490ABD1CEF274A00679BE2 /* Project object */;
			proxyType = 1;
			remoteGlobalIDString = 59490AC41CEF274A00679BE2;
			remoteInfo = "Meme Maker Mac";
		};
/* End PBXContainerItemProxy section */

/* Begin PBXFileReference section */
		18B25934B35B7276581B77D2 /* Pods-Meme Maker.release.xcconfig */ = {isa = PBXFileReference; includeInIndex = 1; lastKnownFileType = text.xcconfig; name = "Pods-Meme Maker.release.xcconfig"; path = "Pods/Target Support Files/Pods-Meme Maker/Pods-Meme Maker.release.xcconfig"; sourceTree = "<group>"; };
		1D1435C421C6C02100AF37B4 /* Pods-Meme Maker MacUITests.release.xcconfig */ = {isa = PBXFileReference; includeInIndex = 1; lastKnownFileType = text.xcconfig; name = "Pods-Meme Maker MacUITests.release.xcconfig"; path = "Pods/Target Support Files/Pods-Meme Maker MacUITests/Pods-Meme Maker MacUITests.release.xcconfig"; sourceTree = "<group>"; };
		2BD0DA5FA3406E915967ACC2 /* Pods_Meme_Maker_MacTests.framework */ = {isa = PBXFileReference; explicitFileType = wrapper.framework; includeInIndex = 0; path = Pods_Meme_Maker_MacTests.framework; sourceTree = BUILT_PRODUCTS_DIR; };
		417C7AAC2C5D6D9B254C58C2 /* Pods_Meme_Maker_Mac.framework */ = {isa = PBXFileReference; explicitFileType = wrapper.framework; includeInIndex = 0; path = Pods_Meme_Maker_Mac.framework; sourceTree = BUILT_PRODUCTS_DIR; };
		47D5340F03B30CB9CD1D7280 /* Pods-Meme Maker.debug.xcconfig */ = {isa = PBXFileReference; includeInIndex = 1; lastKnownFileType = text.xcconfig; name = "Pods-Meme Maker.debug.xcconfig"; path = "Pods/Target Support Files/Pods-Meme Maker/Pods-Meme Maker.debug.xcconfig"; sourceTree = "<group>"; };
		50F06C18395B11A0DBFB525C /* Pods-Meme MakerTests.debug.xcconfig */ = {isa = PBXFileReference; includeInIndex = 1; lastKnownFileType = text.xcconfig; name = "Pods-Meme MakerTests.debug.xcconfig"; path = "Pods/Target Support Files/Pods-Meme MakerTests/Pods-Meme MakerTests.debug.xcconfig"; sourceTree = "<group>"; };
		5935C2391D2CD1B6005E18AE /* SettingsViewController.swift */ = {isa = PBXFileReference; fileEncoding = 4; lastKnownFileType = sourcecode.swift; name = SettingsViewController.swift; path = Controllers/SettingsViewController.swift; sourceTree = "<group>"; };
		5935C23D1D2CEF78005E18AE /* MemeFetcher.swift */ = {isa = PBXFileReference; fileEncoding = 4; lastKnownFileType = sourcecode.swift; name = MemeFetcher.swift; path = Models/MemeFetcher.swift; sourceTree = "<group>"; };
		594147641D2EBBD0004A6AF7 /* XUndoManager.swift */ = {isa = PBXFileReference; fileEncoding = 4; lastKnownFileType = sourcecode.swift; name = XUndoManager.swift; path = Models/XUndoManager.swift; sourceTree = "<group>"; };
		59490AC51CEF274A00679BE2 /* Meme Maker.app */ = {isa = PBXFileReference; explicitFileType = wrapper.application; includeInIndex = 0; path = "Meme Maker.app"; sourceTree = BUILT_PRODUCTS_DIR; };
		59490AC81CEF274A00679BE2 /* AppDelegate.swift */ = {isa = PBXFileReference; lastKnownFileType = sourcecode.swift; path = AppDelegate.swift; sourceTree = "<group>"; };
		59490ACD1CEF274A00679BE2 /* Meme_Maker_Mac.xcdatamodel */ = {isa = PBXFileReference; lastKnownFileType = wrapper.xcdatamodel; path = Meme_Maker_Mac.xcdatamodel; sourceTree = "<group>"; };
		59490ACF1CEF274A00679BE2 /* Assets.xcassets */ = {isa = PBXFileReference; lastKnownFileType = folder.assetcatalog; path = Assets.xcassets; sourceTree = "<group>"; };
		59490AD21CEF274A00679BE2 /* Base */ = {isa = PBXFileReference; lastKnownFileType = file.storyboard; name = Base; path = Base.lproj/Main.storyboard; sourceTree = "<group>"; };
		59490AD41CEF274A00679BE2 /* Info.plist */ = {isa = PBXFileReference; lastKnownFileType = text.plist.xml; path = Info.plist; sourceTree = "<group>"; };
		59490AD91CEF274A00679BE2 /* Meme Maker.xctest */ = {isa = PBXFileReference; explicitFileType = wrapper.cfbundle; includeInIndex = 0; path = "Meme Maker.xctest"; sourceTree = BUILT_PRODUCTS_DIR; };
		59490ADD1CEF274A00679BE2 /* Meme_Maker_MacTests.swift */ = {isa = PBXFileReference; lastKnownFileType = sourcecode.swift; path = Meme_Maker_MacTests.swift; sourceTree = "<group>"; };
		59490ADF1CEF274A00679BE2 /* Info.plist */ = {isa = PBXFileReference; lastKnownFileType = text.plist.xml; path = Info.plist; sourceTree = "<group>"; };
		59490AE41CEF274A00679BE2 /* Meme Maker.xctest */ = {isa = PBXFileReference; explicitFileType = wrapper.cfbundle; includeInIndex = 0; path = "Meme Maker.xctest"; sourceTree = BUILT_PRODUCTS_DIR; };
		59490AE81CEF274A00679BE2 /* Meme_Maker_MacUITests.swift */ = {isa = PBXFileReference; lastKnownFileType = sourcecode.swift; path = Meme_Maker_MacUITests.swift; sourceTree = "<group>"; };
		59490AEA1CEF274A00679BE2 /* Info.plist */ = {isa = PBXFileReference; lastKnownFileType = text.plist.xml; path = Info.plist; sourceTree = "<group>"; };
		59490AFB1CEF282300679BE2 /* ViewController.swift */ = {isa = PBXFileReference; fileEncoding = 4; lastKnownFileType = sourcecode.swift; name = ViewController.swift; path = Controllers/ViewController.swift; sourceTree = "<group>"; };
		59490AFD1CEF283100679BE2 /* WindowController.swift */ = {isa = PBXFileReference; fileEncoding = 4; lastKnownFileType = sourcecode.swift; name = WindowController.swift; path = Controllers/WindowController.swift; sourceTree = "<group>"; };
		59490B001CEF335500679BE2 /* GridCollectionViewItem.swift */ = {isa = PBXFileReference; fileEncoding = 4; lastKnownFileType = sourcecode.swift; name = GridCollectionViewItem.swift; path = Views/Cells/GridCollectionViewItem.swift; sourceTree = "<group>"; };
		59490B011CEF335500679BE2 /* GridCollectionViewItem.xib */ = {isa = PBXFileReference; fileEncoding = 4; lastKnownFileType = file.xib; name = GridCollectionViewItem.xib; path = Views/Cells/GridCollectionViewItem.xib; sourceTree = "<group>"; };
		59490B041CEF336200679BE2 /* ListCollectionViewItel.swift */ = {isa = PBXFileReference; fileEncoding = 4; lastKnownFileType = sourcecode.swift; name = ListCollectionViewItel.swift; path = Views/Cells/ListCollectionViewItel.swift; sourceTree = "<group>"; };
		59490B051CEF336200679BE2 /* ListCollectionViewItel.xib */ = {isa = PBXFileReference; fileEncoding = 4; lastKnownFileType = file.xib; name = ListCollectionViewItel.xib; path = Views/Cells/ListCollectionViewItel.xib; sourceTree = "<group>"; };
		5973F15B1D22418000080706 /* EditorViewController.swift */ = {isa = PBXFileReference; fileEncoding = 4; lastKnownFileType = sourcecode.swift; name = EditorViewController.swift; path = Controllers/EditorViewController.swift; sourceTree = "<group>"; };
		59AB9EE21D2BA570002386B5 /* Meme Maker Mac-Bridging-Header.h */ = {isa = PBXFileReference; lastKnownFileType = sourcecode.c.h; path = "Meme Maker Mac-Bridging-Header.h"; sourceTree = "<group>"; };
		59AB9EE91D2C136E002386B5 /* AttributeEditorViewController.swift */ = {isa = PBXFileReference; fileEncoding = 4; lastKnownFileType = sourcecode.swift; name = AttributeEditorViewController.swift; path = Controllers/AttributeEditorViewController.swift; sourceTree = "<group>"; };
		59AB9EEC1D2C268D002386B5 /* GRSeparatorLineView.h */ = {isa = PBXFileReference; fileEncoding = 4; lastKnownFileType = sourcecode.c.h; path = GRSeparatorLineView.h; sourceTree = "<group>"; };
		59AB9EED1D2C268D002386B5 /* GRSeparatorLineView.m */ = {isa = PBXFileReference; fileEncoding = 4; lastKnownFileType = sourcecode.c.objc; path = GRSeparatorLineView.m; sourceTree = "<group>"; };
		59AB9EEE1D2C268D002386B5 /* GRVibrantTitlebarView.h */ = {isa = PBXFileReference; fileEncoding = 4; lastKnownFileType = sourcecode.c.h; path = GRVibrantTitlebarView.h; sourceTree = "<group>"; };
		59AB9EEF1D2C268D002386B5 /* GRVibrantTitlebarView.m */ = {isa = PBXFileReference; fileEncoding = 4; lastKnownFileType = sourcecode.c.objc; path = GRVibrantTitlebarView.m; sourceTree = "<group>"; };
		59AB9EF01D2C268D002386B5 /* GRVibrantTitlebarWindow.h */ = {isa = PBXFileReference; fileEncoding = 4; lastKnownFileType = sourcecode.c.h; path = GRVibrantTitlebarWindow.h; sourceTree = "<group>"; };
		59AB9EF11D2C268D002386B5 /* GRVibrantTitlebarWindow.m */ = {isa = PBXFileReference; fileEncoding = 4; lastKnownFileType = sourcecode.c.objc; path = GRVibrantTitlebarWindow.m; sourceTree = "<group>"; };
		59AB9EF21D2C268D002386B5 /* GRVibrantTitleView.h */ = {isa = PBXFileReference; fileEncoding = 4; lastKnownFileType = sourcecode.c.h; path = GRVibrantTitleView.h; sourceTree = "<group>"; };
		59AB9EF31D2C268D002386B5 /* GRVibrantTitleView.m */ = {isa = PBXFileReference; fileEncoding = 4; lastKnownFileType = sourcecode.c.objc; path = GRVibrantTitleView.m; sourceTree = "<group>"; };
		59AB9EF81D2C2693002386B5 /* DragDropImageView.h */ = {isa = PBXFileReference; fileEncoding = 4; lastKnownFileType = sourcecode.c.h; name = DragDropImageView.h; path = "Supporting Files/DragDropImageView/DragDropImageView.h"; sourceTree = "<group>"; };
		59AB9EF91D2C2693002386B5 /* DragDropImageView.m */ = {isa = PBXFileReference; fileEncoding = 4; lastKnownFileType = sourcecode.c.objc; name = DragDropImageView.m; path = "Supporting Files/DragDropImageView/DragDropImageView.m"; sourceTree = "<group>"; };
		59B4EEAA1D3017E9000092DA /* HelpViewController.swift */ = {isa = PBXFileReference; fileEncoding = 4; lastKnownFileType = sourcecode.swift; name = HelpViewController.swift; path = Controllers/HelpViewController.swift; sourceTree = "<group>"; };
		59B4EEAD1D301847000092DA /* quotes.json */ = {isa = PBXFileReference; fileEncoding = 4; lastKnownFileType = text.json; path = quotes.json; sourceTree = "<group>"; };
		59C27CA61D0C1673005BCF2B /* Meme Maker Mac.entitlements */ = {isa = PBXFileReference; lastKnownFileType = text.xml; path = "Meme Maker Mac.entitlements"; sourceTree = "<group>"; };
		59D21D161D2D75F600CF0EF9 /* SortViewController.swift */ = {isa = PBXFileReference; fileEncoding = 4; lastKnownFileType = sourcecode.swift; name = SortViewController.swift; path = Controllers/SortViewController.swift; sourceTree = "<group>"; };
		59D21D181D2D77D400CF0EF9 /* Constants.swift */ = {isa = PBXFileReference; fileEncoding = 4; lastKnownFileType = sourcecode.swift; name = Constants.swift; path = Models/Constants.swift; sourceTree = "<group>"; };
		59FA74C51CF318C600C39BCF /* BaseCollectionViewItem.swift */ = {isa = PBXFileReference; fileEncoding = 4; lastKnownFileType = sourcecode.swift; name = BaseCollectionViewItem.swift; path = Views/Cells/BaseCollectionViewItem.swift; sourceTree = "<group>"; };
		59FA74C91CF3199400C39BCF /* XMeme.swift */ = {isa = PBXFileReference; fileEncoding = 4; lastKnownFileType = sourcecode.swift; name = XMeme.swift; path = Models/XMeme.swift; sourceTree = "<group>"; };
		59FA74CA1CF3199400C39BCF /* XMeme+CoreDataProperties.swift */ = {isa = PBXFileReference; fileEncoding = 4; lastKnownFileType = sourcecode.swift; name = "XMeme+CoreDataProperties.swift"; path = "Models/XMeme+CoreDataProperties.swift"; sourceTree = "<group>"; };
		59FA74CB1CF3199400C39BCF /* XTextAttributes.swift */ = {isa = PBXFileReference; fileEncoding = 4; lastKnownFileType = sourcecode.swift; name = XTextAttributes.swift; path = Models/XTextAttributes.swift; sourceTree = "<group>"; };
		59FA74D61CF3199D00C39BCF /* defaultMemes.dat */ = {isa = PBXFileReference; fileEncoding = 4; lastKnownFileType = text; path = defaultMemes.dat; sourceTree = "<group>"; };
		59FA74D71CF3199D00C39BCF /* defaultMemes.zip */ = {isa = PBXFileReference; lastKnownFileType = archive.zip; path = defaultMemes.zip; sourceTree = "<group>"; };
		59FA74DA1CF31B6300C39BCF /* PrefixHeader.swift */ = {isa = PBXFileReference; fileEncoding = 4; lastKnownFileType = sourcecode.swift; name = PrefixHeader.swift; path = "Supporting Files/PrefixHeader.swift"; sourceTree = "<group>"; };
		59FA74DC1CF31C0F00C39BCF /* SettingsManager.swift */ = {isa = PBXFileReference; fileEncoding = 4; lastKnownFileType = sourcecode.swift; name = SettingsManager.swift; path = Models/SettingsManager.swift; sourceTree = "<group>"; };
		65B4C17DEC0499B8BF877D4D /* Pods-Meme Maker MacUITests.debug.xcconfig */ = {isa = PBXFileReference; includeInIndex = 1; lastKnownFileType = text.xcconfig; name = "Pods-Meme Maker MacUITests.debug.xcconfig"; path = "Pods/Target Support Files/Pods-Meme Maker MacUITests/Pods-Meme Maker MacUITests.debug.xcconfig"; sourceTree = "<group>"; };
		74697A5780D6A37B06DC4F61 /* Pods_Meme_Maker.framework */ = {isa = PBXFileReference; explicitFileType = wrapper.framework; includeInIndex = 0; path = Pods_Meme_Maker.framework; sourceTree = BUILT_PRODUCTS_DIR; };
		87ACDF416E43163D763FE822 /* Pods_Meme_Maker_MacUITests.framework */ = {isa = PBXFileReference; explicitFileType = wrapper.framework; includeInIndex = 0; path = Pods_Meme_Maker_MacUITests.framework; sourceTree = BUILT_PRODUCTS_DIR; };
		91CC70FC4E674B8E853CE337 /* Pods-Meme MakerUITests.release.xcconfig */ = {isa = PBXFileReference; includeInIndex = 1; lastKnownFileType = text.xcconfig; name = "Pods-Meme MakerUITests.release.xcconfig"; path = "Pods/Target Support Files/Pods-Meme MakerUITests/Pods-Meme MakerUITests.release.xcconfig"; sourceTree = "<group>"; };
		A43AF55806386D9BC296E70A /* Pods_Meme_MakerUITests.framework */ = {isa = PBXFileReference; explicitFileType = wrapper.framework; includeInIndex = 0; path = Pods_Meme_MakerUITests.framework; sourceTree = BUILT_PRODUCTS_DIR; };
		BA089198BB1D4B2245ACDE70 /* Pods-Meme MakerUITests.debug.xcconfig */ = {isa = PBXFileReference; includeInIndex = 1; lastKnownFileType = text.xcconfig; name = "Pods-Meme MakerUITests.debug.xcconfig"; path = "Pods/Target Support Files/Pods-Meme MakerUITests/Pods-Meme MakerUITests.debug.xcconfig"; sourceTree = "<group>"; };
		CB0C884309A54275FAF8B5FC /* Pods-Meme Maker Mac.release.xcconfig */ = {isa = PBXFileReference; includeInIndex = 1; lastKnownFileType = text.xcconfig; name = "Pods-Meme Maker Mac.release.xcconfig"; path = "Pods/Target Support Files/Pods-Meme Maker Mac/Pods-Meme Maker Mac.release.xcconfig"; sourceTree = "<group>"; };
		D49FEC4224E10DEB3074F3E0 /* Pods-Meme Maker MacTests.release.xcconfig */ = {isa = PBXFileReference; includeInIndex = 1; lastKnownFileType = text.xcconfig; name = "Pods-Meme Maker MacTests.release.xcconfig"; path = "Pods/Target Support Files/Pods-Meme Maker MacTests/Pods-Meme Maker MacTests.release.xcconfig"; sourceTree = "<group>"; };
		D6090243400D3353415215F0 /* Pods-Meme Maker Mac.debug.xcconfig */ = {isa = PBXFileReference; includeInIndex = 1; lastKnownFileType = text.xcconfig; name = "Pods-Meme Maker Mac.debug.xcconfig"; path = "Pods/Target Support Files/Pods-Meme Maker Mac/Pods-Meme Maker Mac.debug.xcconfig"; sourceTree = "<group>"; };
		E187151BA85533402BA65D27 /* Pods-Meme MakerTests.release.xcconfig */ = {isa = PBXFileReference; includeInIndex = 1; lastKnownFileType = text.xcconfig; name = "Pods-Meme MakerTests.release.xcconfig"; path = "Pods/Target Support Files/Pods-Meme MakerTests/Pods-Meme MakerTests.release.xcconfig"; sourceTree = "<group>"; };
		E3509DDACF1ABD54BCFF1E2A /* Pods_Meme_MakerTests.framework */ = {isa = PBXFileReference; explicitFileType = wrapper.framework; includeInIndex = 0; path = Pods_Meme_MakerTests.framework; sourceTree = BUILT_PRODUCTS_DIR; };
		EAB9B67E654DBBF35D454C19 /* Pods-Meme Maker MacTests.debug.xcconfig */ = {isa = PBXFileReference; includeInIndex = 1; lastKnownFileType = text.xcconfig; name = "Pods-Meme Maker MacTests.debug.xcconfig"; path = "Pods/Target Support Files/Pods-Meme Maker MacTests/Pods-Meme Maker MacTests.debug.xcconfig"; sourceTree = "<group>"; };
/* End PBXFileReference section */

/* Begin PBXFrameworksBuildPhase section */
		59490AC21CEF274A00679BE2 /* Frameworks */ = {
			isa = PBXFrameworksBuildPhase;
			buildActionMask = 2147483647;
			files = (
				31D0F4EC0814FD36F3547CCD /* Pods_Meme_Maker.framework in Frameworks */,
			);
			runOnlyForDeploymentPostprocessing = 0;
		};
		59490AD61CEF274A00679BE2 /* Frameworks */ = {
			isa = PBXFrameworksBuildPhase;
			buildActionMask = 2147483647;
			files = (
				5ABE70C20B1348F5F7761AC9 /* Pods_Meme_Maker_MacTests.framework in Frameworks */,
				B2322868D01192BF6072BC49 /* Pods_Meme_MakerTests.framework in Frameworks */,
			);
			runOnlyForDeploymentPostprocessing = 0;
		};
		59490AE11CEF274A00679BE2 /* Frameworks */ = {
			isa = PBXFrameworksBuildPhase;
			buildActionMask = 2147483647;
			files = (
				355DAD2DF834F7D6EF0A7FA4 /* Pods_Meme_Maker_MacUITests.framework in Frameworks */,
				0FA8212A77C6872A4E1B2BD1 /* Pods_Meme_MakerUITests.framework in Frameworks */,
			);
			runOnlyForDeploymentPostprocessing = 0;
		};
/* End PBXFrameworksBuildPhase section */

/* Begin PBXGroup section */
		31D07C8481BA2F6C7CCA080B /* Frameworks */ = {
			isa = PBXGroup;
			children = (
				417C7AAC2C5D6D9B254C58C2 /* Pods_Meme_Maker_Mac.framework */,
				2BD0DA5FA3406E915967ACC2 /* Pods_Meme_Maker_MacTests.framework */,
				87ACDF416E43163D763FE822 /* Pods_Meme_Maker_MacUITests.framework */,
				74697A5780D6A37B06DC4F61 /* Pods_Meme_Maker.framework */,
				E3509DDACF1ABD54BCFF1E2A /* Pods_Meme_MakerTests.framework */,
				A43AF55806386D9BC296E70A /* Pods_Meme_MakerUITests.framework */,
			);
			name = Frameworks;
			sourceTree = "<group>";
		};
		59490ABC1CEF274A00679BE2 = {
			isa = PBXGroup;
			children = (
				59490AC71CEF274A00679BE2 /* Meme Maker */,
				59490ADC1CEF274A00679BE2 /* Meme Maker MacTests */,
				59490AE71CEF274A00679BE2 /* Meme Maker MacUITests */,
				59490AC61CEF274A00679BE2 /* Products */,
				673CC7EEAAC6AA940AD2734F /* Pods */,
				31D07C8481BA2F6C7CCA080B /* Frameworks */,
			);
			sourceTree = "<group>";
		};
		59490AC61CEF274A00679BE2 /* Products */ = {
			isa = PBXGroup;
			children = (
				59490AC51CEF274A00679BE2 /* Meme Maker.app */,
				59490AD91CEF274A00679BE2 /* Meme Maker.xctest */,
				59490AE41CEF274A00679BE2 /* Meme Maker.xctest */,
			);
			name = Products;
			sourceTree = "<group>";
		};
		59490AC71CEF274A00679BE2 /* Meme Maker */ = {
			isa = PBXGroup;
			children = (
				59490AFA1CEF277A00679BE2 /* App Delegate */,
				59490ACF1CEF274A00679BE2 /* Assets.xcassets */,
				59490AF81CEF276A00679BE2 /* Models */,
				59490AF91CEF277100679BE2 /* Views */,
				59490AF71CEF276600679BE2 /* Controllers */,
				59490AF61CEF275E00679BE2 /* Supporting Files */,
			);
			name = "Meme Maker";
			path = "Meme Maker Mac";
			sourceTree = "<group>";
		};
		59490ADC1CEF274A00679BE2 /* Meme Maker MacTests */ = {
			isa = PBXGroup;
			children = (
				59490ADD1CEF274A00679BE2 /* Meme_Maker_MacTests.swift */,
				59490ADF1CEF274A00679BE2 /* Info.plist */,
			);
			path = "Meme Maker MacTests";
			sourceTree = "<group>";
		};
		59490AE71CEF274A00679BE2 /* Meme Maker MacUITests */ = {
			isa = PBXGroup;
			children = (
				59490AE81CEF274A00679BE2 /* Meme_Maker_MacUITests.swift */,
				59490AEA1CEF274A00679BE2 /* Info.plist */,
			);
			path = "Meme Maker MacUITests";
			sourceTree = "<group>";
		};
		59490AF61CEF275E00679BE2 /* Supporting Files */ = {
			isa = PBXGroup;
			children = (
				59B4EEAC1D301847000092DA /* Quotes */,
				59AB9EEB1D2C268C002386B5 /* GRVibrantTitlebarWindow */,
				59AB9EDF1D2B8059002386B5 /* DragDropImageView */,
				59FA74D51CF3199D00C39BCF /* Default */,
				59490AD41CEF274A00679BE2 /* Info.plist */,
				59C27CA61D0C1673005BCF2B /* Meme Maker Mac.entitlements */,
				59AB9EE21D2BA570002386B5 /* Meme Maker Mac-Bridging-Header.h */,
				59FA74DA1CF31B6300C39BCF /* PrefixHeader.swift */,
			);
			name = "Supporting Files";
			sourceTree = "<group>";
		};
		59490AF71CEF276600679BE2 /* Controllers */ = {
			isa = PBXGroup;
			children = (
				59490AFD1CEF283100679BE2 /* WindowController.swift */,
				59490AFB1CEF282300679BE2 /* ViewController.swift */,
				5973F15B1D22418000080706 /* EditorViewController.swift */,
				59AB9EE91D2C136E002386B5 /* AttributeEditorViewController.swift */,
				59D21D161D2D75F600CF0EF9 /* SortViewController.swift */,
				5935C2391D2CD1B6005E18AE /* SettingsViewController.swift */,
				59B4EEAA1D3017E9000092DA /* HelpViewController.swift */,
			);
			name = Controllers;
			sourceTree = "<group>";
		};
		59490AF81CEF276A00679BE2 /* Models */ = {
			isa = PBXGroup;
			children = (
				59FA74DE1CF31C1200C39BCF /* XMeme */,
				59D21D181D2D77D400CF0EF9 /* Constants.swift */,
				5935C23D1D2CEF78005E18AE /* MemeFetcher.swift */,
				59FA74DC1CF31C0F00C39BCF /* SettingsManager.swift */,
				59FA74CB1CF3199400C39BCF /* XTextAttributes.swift */,
				594147641D2EBBD0004A6AF7 /* XUndoManager.swift */,
				59490ACC1CEF274A00679BE2 /* Meme_Maker_Mac.xcdatamodeld */,
			);
			name = Models;
			sourceTree = "<group>";
		};
		59490AF91CEF277100679BE2 /* Views */ = {
			isa = PBXGroup;
			children = (
				59490AFF1CEF333900679BE2 /* Cells */,
				59490AD11CEF274A00679BE2 /* Main.storyboard */,
			);
			name = Views;
			sourceTree = "<group>";
		};
		59490AFA1CEF277A00679BE2 /* App Delegate */ = {
			isa = PBXGroup;
			children = (
				59490AC81CEF274A00679BE2 /* AppDelegate.swift */,
			);
			name = "App Delegate";
			sourceTree = "<group>";
		};
		59490AFF1CEF333900679BE2 /* Cells */ = {
			isa = PBXGroup;
			children = (
				59FA74C51CF318C600C39BCF /* BaseCollectionViewItem.swift */,
				59490B001CEF335500679BE2 /* GridCollectionViewItem.swift */,
				59490B011CEF335500679BE2 /* GridCollectionViewItem.xib */,
				59490B041CEF336200679BE2 /* ListCollectionViewItel.swift */,
				59490B051CEF336200679BE2 /* ListCollectionViewItel.xib */,
			);
			name = Cells;
			sourceTree = "<group>";
		};
		59AB9EDF1D2B8059002386B5 /* DragDropImageView */ = {
			isa = PBXGroup;
			children = (
				59AB9EF81D2C2693002386B5 /* DragDropImageView.h */,
				59AB9EF91D2C2693002386B5 /* DragDropImageView.m */,
			);
			name = DragDropImageView;
			sourceTree = "<group>";
		};
		59AB9EEB1D2C268C002386B5 /* GRVibrantTitlebarWindow */ = {
			isa = PBXGroup;
			children = (
				59AB9EEC1D2C268D002386B5 /* GRSeparatorLineView.h */,
				59AB9EED1D2C268D002386B5 /* GRSeparatorLineView.m */,
				59AB9EEE1D2C268D002386B5 /* GRVibrantTitlebarView.h */,
				59AB9EEF1D2C268D002386B5 /* GRVibrantTitlebarView.m */,
				59AB9EF01D2C268D002386B5 /* GRVibrantTitlebarWindow.h */,
				59AB9EF11D2C268D002386B5 /* GRVibrantTitlebarWindow.m */,
				59AB9EF21D2C268D002386B5 /* GRVibrantTitleView.h */,
				59AB9EF31D2C268D002386B5 /* GRVibrantTitleView.m */,
			);
			name = GRVibrantTitlebarWindow;
			path = "Supporting Files/GRVibrantTitlebarWindow";
			sourceTree = "<group>";
		};
		59B4EEAC1D301847000092DA /* Quotes */ = {
			isa = PBXGroup;
			children = (
				59B4EEAD1D301847000092DA /* quotes.json */,
			);
			name = Quotes;
			path = "Supporting Files/Quotes";
			sourceTree = "<group>";
		};
		59FA74D51CF3199D00C39BCF /* Default */ = {
			isa = PBXGroup;
			children = (
				59FA74D61CF3199D00C39BCF /* defaultMemes.dat */,
				59FA74D71CF3199D00C39BCF /* defaultMemes.zip */,
			);
			name = Default;
			path = "Supporting Files/Default";
			sourceTree = "<group>";
		};
		59FA74DE1CF31C1200C39BCF /* XMeme */ = {
			isa = PBXGroup;
			children = (
				59FA74C91CF3199400C39BCF /* XMeme.swift */,
				59FA74CA1CF3199400C39BCF /* XMeme+CoreDataProperties.swift */,
			);
			name = XMeme;
			sourceTree = "<group>";
		};
		673CC7EEAAC6AA940AD2734F /* Pods */ = {
			isa = PBXGroup;
			children = (
				D6090243400D3353415215F0 /* Pods-Meme Maker Mac.debug.xcconfig */,
				CB0C884309A54275FAF8B5FC /* Pods-Meme Maker Mac.release.xcconfig */,
				EAB9B67E654DBBF35D454C19 /* Pods-Meme Maker MacTests.debug.xcconfig */,
				D49FEC4224E10DEB3074F3E0 /* Pods-Meme Maker MacTests.release.xcconfig */,
				65B4C17DEC0499B8BF877D4D /* Pods-Meme Maker MacUITests.debug.xcconfig */,
				1D1435C421C6C02100AF37B4 /* Pods-Meme Maker MacUITests.release.xcconfig */,
				47D5340F03B30CB9CD1D7280 /* Pods-Meme Maker.debug.xcconfig */,
				18B25934B35B7276581B77D2 /* Pods-Meme Maker.release.xcconfig */,
				50F06C18395B11A0DBFB525C /* Pods-Meme MakerTests.debug.xcconfig */,
				E187151BA85533402BA65D27 /* Pods-Meme MakerTests.release.xcconfig */,
				BA089198BB1D4B2245ACDE70 /* Pods-Meme MakerUITests.debug.xcconfig */,
				91CC70FC4E674B8E853CE337 /* Pods-Meme MakerUITests.release.xcconfig */,
			);
			name = Pods;
			sourceTree = "<group>";
		};
/* End PBXGroup section */

/* Begin PBXNativeTarget section */
		59490AC41CEF274A00679BE2 /* Meme Maker */ = {
			isa = PBXNativeTarget;
			buildConfigurationList = 59490AED1CEF274A00679BE2 /* Build configuration list for PBXNativeTarget "Meme Maker" */;
			buildPhases = (
				C620AFDF142C7C2BE8EAFE50 /* [CP] Check Pods Manifest.lock */,
				59490AC11CEF274A00679BE2 /* Sources */,
				59490AC21CEF274A00679BE2 /* Frameworks */,
				59490AC31CEF274A00679BE2 /* Resources */,
				9DCB70142877604E2F960AB5 /* [CP] Embed Pods Frameworks */,
				EA8DC575B28C73447B87141A /* [CP] Copy Pods Resources */,
			);
			buildRules = (
			);
			dependencies = (
			);
			name = "Meme Maker";
			productName = "Meme Maker Mac";
			productReference = 59490AC51CEF274A00679BE2 /* Meme Maker.app */;
			productType = "com.apple.product-type.application";
		};
		59490AD81CEF274A00679BE2 /* Meme MakerTests */ = {
			isa = PBXNativeTarget;
			buildConfigurationList = 59490AF01CEF274A00679BE2 /* Build configuration list for PBXNativeTarget "Meme MakerTests" */;
			buildPhases = (
				44AF10E14C9DBE671BBF1A79 /* [CP] Check Pods Manifest.lock */,
				59490AD51CEF274A00679BE2 /* Sources */,
				59490AD61CEF274A00679BE2 /* Frameworks */,
				59490AD71CEF274A00679BE2 /* Resources */,
				07B457AF38A1961BE71F5139 /* [CP] Embed Pods Frameworks */,
				53DAA29D9D2384B059D636C3 /* [CP] Copy Pods Resources */,
			);
			buildRules = (
			);
			dependencies = (
				59490ADB1CEF274A00679BE2 /* PBXTargetDependency */,
			);
			name = "Meme MakerTests";
			productName = "Meme Maker MacTests";
			productReference = 59490AD91CEF274A00679BE2 /* Meme Maker.xctest */;
			productType = "com.apple.product-type.bundle.unit-test";
		};
		59490AE31CEF274A00679BE2 /* Meme MakerUITests */ = {
			isa = PBXNativeTarget;
			buildConfigurationList = 59490AF31CEF274A00679BE2 /* Build configuration list for PBXNativeTarget "Meme MakerUITests" */;
			buildPhases = (
				F89B37642600B8BEF6A5FDA6 /* [CP] Check Pods Manifest.lock */,
				59490AE01CEF274A00679BE2 /* Sources */,
				59490AE11CEF274A00679BE2 /* Frameworks */,
				59490AE21CEF274A00679BE2 /* Resources */,
				8C2F9F32BEE058BCFAD6CFB4 /* [CP] Copy Pods Resources */,
			);
			buildRules = (
			);
			dependencies = (
				59490AE61CEF274A00679BE2 /* PBXTargetDependency */,
			);
			name = "Meme MakerUITests";
			productName = "Meme Maker MacUITests";
			productReference = 59490AE41CEF274A00679BE2 /* Meme Maker.xctest */;
			productType = "com.apple.product-type.bundle.ui-testing";
		};
/* End PBXNativeTarget section */

/* Begin PBXProject section */
		59490ABD1CEF274A00679BE2 /* Project object */ = {
			isa = PBXProject;
			attributes = {
				LastSwiftUpdateCheck = 0730;
				LastUpgradeCheck = 0730;
				ORGANIZATIONNAME = avikantz;
				TargetAttributes = {
					59490AC41CEF274A00679BE2 = {
						CreatedOnToolsVersion = 7.3;
						DevelopmentTeam = HN3SCP8A52;
						LastSwiftMigration = 0810;
						ProvisioningStyle = Automatic;
						SystemCapabilities = {
							com.apple.ApplicationGroups.Mac = {
								enabled = 0;
							};
							com.apple.Sandbox = {
								enabled = 1;
							};
						};
					};
					59490AD81CEF274A00679BE2 = {
						CreatedOnToolsVersion = 7.3;
						LastSwiftMigration = 0810;
						TestTargetID = 59490AC41CEF274A00679BE2;
					};
					59490AE31CEF274A00679BE2 = {
						CreatedOnToolsVersion = 7.3;
						LastSwiftMigration = 0810;
						TestTargetID = 59490AC41CEF274A00679BE2;
					};
				};
			};
			buildConfigurationList = 59490AC01CEF274A00679BE2 /* Build configuration list for PBXProject "Meme Maker" */;
			compatibilityVersion = "Xcode 3.2";
			developmentRegion = English;
			hasScannedForEncodings = 0;
			knownRegions = (
				en,
				Base,
			);
			mainGroup = 59490ABC1CEF274A00679BE2;
			productRefGroup = 59490AC61CEF274A00679BE2 /* Products */;
			projectDirPath = "";
			projectRoot = "";
			targets = (
				59490AC41CEF274A00679BE2 /* Meme Maker */,
				59490AD81CEF274A00679BE2 /* Meme MakerTests */,
				59490AE31CEF274A00679BE2 /* Meme MakerUITests */,
			);
		};
/* End PBXProject section */

/* Begin PBXResourcesBuildPhase section */
		59490AC31CEF274A00679BE2 /* Resources */ = {
			isa = PBXResourcesBuildPhase;
			buildActionMask = 2147483647;
			files = (
				59490B071CEF336200679BE2 /* ListCollectionViewItel.xib in Resources */,
				59490AD01CEF274A00679BE2 /* Assets.xcassets in Resources */,
				59490AD31CEF274A00679BE2 /* Main.storyboard in Resources */,
				59B4EEAE1D301847000092DA /* quotes.json in Resources */,
				59490B031CEF335500679BE2 /* GridCollectionViewItem.xib in Resources */,
				59FA74D81CF3199D00C39BCF /* defaultMemes.dat in Resources */,
				59FA74D91CF3199D00C39BCF /* defaultMemes.zip in Resources */,
			);
			runOnlyForDeploymentPostprocessing = 0;
		};
		59490AD71CEF274A00679BE2 /* Resources */ = {
			isa = PBXResourcesBuildPhase;
			buildActionMask = 2147483647;
			files = (
			);
			runOnlyForDeploymentPostprocessing = 0;
		};
		59490AE21CEF274A00679BE2 /* Resources */ = {
			isa = PBXResourcesBuildPhase;
			buildActionMask = 2147483647;
			files = (
			);
			runOnlyForDeploymentPostprocessing = 0;
		};
/* End PBXResourcesBuildPhase section */

/* Begin PBXShellScriptBuildPhase section */
		07B457AF38A1961BE71F5139 /* [CP] Embed Pods Frameworks */ = {
			isa = PBXShellScriptBuildPhase;
			buildActionMask = 2147483647;
			files = (
			);
			inputPaths = (
			);
			name = "[CP] Embed Pods Frameworks";
			outputPaths = (
			);
			runOnlyForDeploymentPostprocessing = 0;
			shellPath = /bin/sh;
			shellScript = "\"${SRCROOT}/Pods/Target Support Files/Pods-Meme MakerTests/Pods-Meme MakerTests-frameworks.sh\"\n";
			showEnvVarsInLog = 0;
		};
		44AF10E14C9DBE671BBF1A79 /* [CP] Check Pods Manifest.lock */ = {
			isa = PBXShellScriptBuildPhase;
			buildActionMask = 2147483647;
			files = (
			);
			inputPaths = (
			);
			name = "[CP] Check Pods Manifest.lock";
			outputPaths = (
			);
			runOnlyForDeploymentPostprocessing = 0;
			shellPath = /bin/sh;
			shellScript = "diff \"${PODS_ROOT}/../Podfile.lock\" \"${PODS_ROOT}/Manifest.lock\" > /dev/null\nif [[ $? != 0 ]] ; then\n    cat << EOM\nerror: The sandbox is not in sync with the Podfile.lock. Run 'pod install' or update your CocoaPods installation.\nEOM\n    exit 1\nfi\n";
			showEnvVarsInLog = 0;
		};
		53DAA29D9D2384B059D636C3 /* [CP] Copy Pods Resources */ = {
			isa = PBXShellScriptBuildPhase;
			buildActionMask = 2147483647;
			files = (
			);
			inputPaths = (
			);
			name = "[CP] Copy Pods Resources";
			outputPaths = (
			);
			runOnlyForDeploymentPostprocessing = 0;
			shellPath = /bin/sh;
			shellScript = "\"${SRCROOT}/Pods/Target Support Files/Pods-Meme MakerTests/Pods-Meme MakerTests-resources.sh\"\n";
			showEnvVarsInLog = 0;
		};
		8C2F9F32BEE058BCFAD6CFB4 /* [CP] Copy Pods Resources */ = {
			isa = PBXShellScriptBuildPhase;
			buildActionMask = 2147483647;
			files = (
			);
			inputPaths = (
			);
			name = "[CP] Copy Pods Resources";
			outputPaths = (
			);
			runOnlyForDeploymentPostprocessing = 0;
			shellPath = /bin/sh;
			shellScript = "\"${SRCROOT}/Pods/Target Support Files/Pods-Meme MakerUITests/Pods-Meme MakerUITests-resources.sh\"\n";
			showEnvVarsInLog = 0;
		};
		9DCB70142877604E2F960AB5 /* [CP] Embed Pods Frameworks */ = {
			isa = PBXShellScriptBuildPhase;
			buildActionMask = 2147483647;
			files = (
			);
			inputPaths = (
			);
			name = "[CP] Embed Pods Frameworks";
			outputPaths = (
			);
			runOnlyForDeploymentPostprocessing = 0;
			shellPath = /bin/sh;
			shellScript = "\"${SRCROOT}/Pods/Target Support Files/Pods-Meme Maker/Pods-Meme Maker-frameworks.sh\"\n";
			showEnvVarsInLog = 0;
		};
		C620AFDF142C7C2BE8EAFE50 /* [CP] Check Pods Manifest.lock */ = {
			isa = PBXShellScriptBuildPhase;
			buildActionMask = 2147483647;
			files = (
			);
			inputPaths = (
			);
			name = "[CP] Check Pods Manifest.lock";
			outputPaths = (
			);
			runOnlyForDeploymentPostprocessing = 0;
			shellPath = /bin/sh;
			shellScript = "diff \"${PODS_ROOT}/../Podfile.lock\" \"${PODS_ROOT}/Manifest.lock\" > /dev/null\nif [[ $? != 0 ]] ; then\n    cat << EOM\nerror: The sandbox is not in sync with the Podfile.lock. Run 'pod install' or update your CocoaPods installation.\nEOM\n    exit 1\nfi\n";
			showEnvVarsInLog = 0;
		};
		EA8DC575B28C73447B87141A /* [CP] Copy Pods Resources */ = {
			isa = PBXShellScriptBuildPhase;
			buildActionMask = 2147483647;
			files = (
			);
			inputPaths = (
			);
			name = "[CP] Copy Pods Resources";
			outputPaths = (
			);
			runOnlyForDeploymentPostprocessing = 0;
			shellPath = /bin/sh;
			shellScript = "\"${SRCROOT}/Pods/Target Support Files/Pods-Meme Maker/Pods-Meme Maker-resources.sh\"\n";
			showEnvVarsInLog = 0;
		};
		F89B37642600B8BEF6A5FDA6 /* [CP] Check Pods Manifest.lock */ = {
			isa = PBXShellScriptBuildPhase;
			buildActionMask = 2147483647;
			files = (
			);
			inputPaths = (
			);
			name = "[CP] Check Pods Manifest.lock";
			outputPaths = (
			);
			runOnlyForDeploymentPostprocessing = 0;
			shellPath = /bin/sh;
			shellScript = "diff \"${PODS_ROOT}/../Podfile.lock\" \"${PODS_ROOT}/Manifest.lock\" > /dev/null\nif [[ $? != 0 ]] ; then\n    cat << EOM\nerror: The sandbox is not in sync with the Podfile.lock. Run 'pod install' or update your CocoaPods installation.\nEOM\n    exit 1\nfi\n";
			showEnvVarsInLog = 0;
		};
/* End PBXShellScriptBuildPhase section */

/* Begin PBXSourcesBuildPhase section */
		59490AC11CEF274A00679BE2 /* Sources */ = {
			isa = PBXSourcesBuildPhase;
			buildActionMask = 2147483647;
			files = (
				59AB9EF41D2C268D002386B5 /* GRSeparatorLineView.m in Sources */,
				59FA74D11CF3199400C39BCF /* XMeme+CoreDataProperties.swift in Sources */,
				59FA74DB1CF31B6300C39BCF /* PrefixHeader.swift in Sources */,
				5935C23B1D2CD1B6005E18AE /* SettingsViewController.swift in Sources */,
				59AB9EF51D2C268D002386B5 /* GRVibrantTitlebarView.m in Sources */,
				59490AFC1CEF282300679BE2 /* ViewController.swift in Sources */,
				594147651D2EBBD0004A6AF7 /* XUndoManager.swift in Sources */,
				59D21D191D2D77D400CF0EF9 /* Constants.swift in Sources */,
				59D21D171D2D75F600CF0EF9 /* SortViewController.swift in Sources */,
				59490B021CEF335500679BE2 /* GridCollectionViewItem.swift in Sources */,
				59490AFE1CEF283100679BE2 /* WindowController.swift in Sources */,
				59490ACE1CEF274A00679BE2 /* Meme_Maker_Mac.xcdatamodeld in Sources */,
				59490B061CEF336200679BE2 /* ListCollectionViewItel.swift in Sources */,
				5935C23E1D2CEF78005E18AE /* MemeFetcher.swift in Sources */,
				59B4EEAB1D3017E9000092DA /* HelpViewController.swift in Sources */,
				5973F15C1D22418000080706 /* EditorViewController.swift in Sources */,
				59FA74D01CF3199400C39BCF /* XMeme.swift in Sources */,
				59FA74DD1CF31C0F00C39BCF /* SettingsManager.swift in Sources */,
				59AB9EF61D2C268D002386B5 /* GRVibrantTitlebarWindow.m in Sources */,
				59FA74D21CF3199400C39BCF /* XTextAttributes.swift in Sources */,
				59FA74C61CF318C600C39BCF /* BaseCollectionViewItem.swift in Sources */,
				59AB9EF71D2C268D002386B5 /* GRVibrantTitleView.m in Sources */,
				59490AC91CEF274A00679BE2 /* AppDelegate.swift in Sources */,
				59AB9EEA1D2C136E002386B5 /* AttributeEditorViewController.swift in Sources */,
				59AB9EFA1D2C2693002386B5 /* DragDropImageView.m in Sources */,
			);
			runOnlyForDeploymentPostprocessing = 0;
		};
		59490AD51CEF274A00679BE2 /* Sources */ = {
			isa = PBXSourcesBuildPhase;
			buildActionMask = 2147483647;
			files = (
				59490ADE1CEF274A00679BE2 /* Meme_Maker_MacTests.swift in Sources */,
			);
			runOnlyForDeploymentPostprocessing = 0;
		};
		59490AE01CEF274A00679BE2 /* Sources */ = {
			isa = PBXSourcesBuildPhase;
			buildActionMask = 2147483647;
			files = (
				59490AE91CEF274A00679BE2 /* Meme_Maker_MacUITests.swift in Sources */,
			);
			runOnlyForDeploymentPostprocessing = 0;
		};
/* End PBXSourcesBuildPhase section */

/* Begin PBXTargetDependency section */
		59490ADB1CEF274A00679BE2 /* PBXTargetDependency */ = {
			isa = PBXTargetDependency;
			target = 59490AC41CEF274A00679BE2 /* Meme Maker */;
			targetProxy = 59490ADA1CEF274A00679BE2 /* PBXContainerItemProxy */;
		};
		59490AE61CEF274A00679BE2 /* PBXTargetDependency */ = {
			isa = PBXTargetDependency;
			target = 59490AC41CEF274A00679BE2 /* Meme Maker */;
			targetProxy = 59490AE51CEF274A00679BE2 /* PBXContainerItemProxy */;
		};
/* End PBXTargetDependency section */

/* Begin PBXVariantGroup section */
		59490AD11CEF274A00679BE2 /* Main.storyboard */ = {
			isa = PBXVariantGroup;
			children = (
				59490AD21CEF274A00679BE2 /* Base */,
			);
			name = Main.storyboard;
			sourceTree = "<group>";
		};
/* End PBXVariantGroup section */

/* Begin XCBuildConfiguration section */
		59490AEB1CEF274A00679BE2 /* Debug */ = {
			isa = XCBuildConfiguration;
			buildSettings = {
				ALWAYS_SEARCH_USER_PATHS = NO;
				CLANG_ANALYZER_NONNULL = YES;
				CLANG_CXX_LANGUAGE_STANDARD = "gnu++0x";
				CLANG_CXX_LIBRARY = "libc++";
				CLANG_ENABLE_MODULES = YES;
				CLANG_ENABLE_OBJC_ARC = YES;
				CLANG_WARN_BOOL_CONVERSION = YES;
				CLANG_WARN_CONSTANT_CONVERSION = YES;
				CLANG_WARN_DIRECT_OBJC_ISA_USAGE = YES_ERROR;
				CLANG_WARN_EMPTY_BODY = YES;
				CLANG_WARN_ENUM_CONVERSION = YES;
				CLANG_WARN_INT_CONVERSION = YES;
				CLANG_WARN_OBJC_ROOT_CLASS = YES_ERROR;
				CLANG_WARN_UNREACHABLE_CODE = YES;
				CLANG_WARN__DUPLICATE_METHOD_MATCH = YES;
				CODE_SIGN_IDENTITY = "-";
				COPY_PHASE_STRIP = NO;
				DEBUG_INFORMATION_FORMAT = dwarf;
				ENABLE_STRICT_OBJC_MSGSEND = YES;
				ENABLE_TESTABILITY = YES;
				GCC_C_LANGUAGE_STANDARD = gnu99;
				GCC_DYNAMIC_NO_PIC = NO;
				GCC_NO_COMMON_BLOCKS = YES;
				GCC_OPTIMIZATION_LEVEL = 0;
				GCC_PREPROCESSOR_DEFINITIONS = (
					"DEBUG=1",
					"$(inherited)",
				);
				GCC_WARN_64_TO_32_BIT_CONVERSION = YES;
				GCC_WARN_ABOUT_RETURN_TYPE = YES_ERROR;
				GCC_WARN_UNDECLARED_SELECTOR = YES;
				GCC_WARN_UNINITIALIZED_AUTOS = YES_AGGRESSIVE;
				GCC_WARN_UNUSED_FUNCTION = YES;
				GCC_WARN_UNUSED_VARIABLE = YES;
				MACOSX_DEPLOYMENT_TARGET = 10.11;
				MTL_ENABLE_DEBUG_INFO = YES;
				ONLY_ACTIVE_ARCH = YES;
				SDKROOT = macosx;
				SWIFT_OPTIMIZATION_LEVEL = "-Onone";
			};
			name = Debug;
		};
		59490AEC1CEF274A00679BE2 /* Release */ = {
			isa = XCBuildConfiguration;
			buildSettings = {
				ALWAYS_SEARCH_USER_PATHS = NO;
				CLANG_ANALYZER_NONNULL = YES;
				CLANG_CXX_LANGUAGE_STANDARD = "gnu++0x";
				CLANG_CXX_LIBRARY = "libc++";
				CLANG_ENABLE_MODULES = YES;
				CLANG_ENABLE_OBJC_ARC = YES;
				CLANG_WARN_BOOL_CONVERSION = YES;
				CLANG_WARN_CONSTANT_CONVERSION = YES;
				CLANG_WARN_DIRECT_OBJC_ISA_USAGE = YES_ERROR;
				CLANG_WARN_EMPTY_BODY = YES;
				CLANG_WARN_ENUM_CONVERSION = YES;
				CLANG_WARN_INT_CONVERSION = YES;
				CLANG_WARN_OBJC_ROOT_CLASS = YES_ERROR;
				CLANG_WARN_UNREACHABLE_CODE = YES;
				CLANG_WARN__DUPLICATE_METHOD_MATCH = YES;
				CODE_SIGN_IDENTITY = "-";
				COPY_PHASE_STRIP = NO;
				DEBUG_INFORMATION_FORMAT = "dwarf-with-dsym";
				ENABLE_NS_ASSERTIONS = NO;
				ENABLE_STRICT_OBJC_MSGSEND = YES;
				GCC_C_LANGUAGE_STANDARD = gnu99;
				GCC_NO_COMMON_BLOCKS = YES;
				GCC_WARN_64_TO_32_BIT_CONVERSION = YES;
				GCC_WARN_ABOUT_RETURN_TYPE = YES_ERROR;
				GCC_WARN_UNDECLARED_SELECTOR = YES;
				GCC_WARN_UNINITIALIZED_AUTOS = YES_AGGRESSIVE;
				GCC_WARN_UNUSED_FUNCTION = YES;
				GCC_WARN_UNUSED_VARIABLE = YES;
				MACOSX_DEPLOYMENT_TARGET = 10.11;
				MTL_ENABLE_DEBUG_INFO = NO;
				SDKROOT = macosx;
			};
			name = Release;
		};
		59490AEE1CEF274A00679BE2 /* Debug */ = {
			isa = XCBuildConfiguration;
			baseConfigurationReference = 47D5340F03B30CB9CD1D7280 /* Pods-Meme Maker.debug.xcconfig */;
			buildSettings = {
				ASSETCATALOG_COMPILER_APPICON_NAME = AppIcon;
				CLANG_ENABLE_MODULES = YES;
				CODE_SIGN_ENTITLEMENTS = "Meme Maker Mac/Meme Maker Mac.entitlements";
				CODE_SIGN_IDENTITY = "Mac Developer";
				COMBINE_HIDPI_IMAGES = YES;
				DEFINES_MODULE = YES;
				DEVELOPMENT_TEAM = "";
				INFOPLIST_FILE = "Meme Maker Mac/Info.plist";
				LD_RUNPATH_SEARCH_PATHS = "$(inherited) @executable_path/../Frameworks";
				MACOSX_DEPLOYMENT_TARGET = 10.11;
				PRODUCT_BUNDLE_IDENTIFIER = "com.avikantz.Meme-Maker-Mac";
				PRODUCT_NAME = "Meme Maker";
				PROVISIONING_PROFILE = "";
				PROVISIONING_PROFILE_SPECIFIER = "";
				SWIFT_OBJC_BRIDGING_HEADER = "Meme Maker Mac/Meme Maker Mac-Bridging-Header.h";
				SWIFT_OPTIMIZATION_LEVEL = "-Onone";
				SWIFT_VERSION = 3.0;
			};
			name = Debug;
		};
		59490AEF1CEF274A00679BE2 /* Release */ = {
			isa = XCBuildConfiguration;
			baseConfigurationReference = 18B25934B35B7276581B77D2 /* Pods-Meme Maker.release.xcconfig */;
			buildSettings = {
				ASSETCATALOG_COMPILER_APPICON_NAME = AppIcon;
				CLANG_ENABLE_MODULES = YES;
				CODE_SIGN_ENTITLEMENTS = "Meme Maker Mac/Meme Maker Mac.entitlements";
				CODE_SIGN_IDENTITY = "Mac Developer";
				COMBINE_HIDPI_IMAGES = YES;
				DEFINES_MODULE = YES;
				DEVELOPMENT_TEAM = "";
				INFOPLIST_FILE = "Meme Maker Mac/Info.plist";
				LD_RUNPATH_SEARCH_PATHS = "$(inherited) @executable_path/../Frameworks";
				MACOSX_DEPLOYMENT_TARGET = 10.11;
				PRODUCT_BUNDLE_IDENTIFIER = "com.avikantz.Meme-Maker-Mac";
				PRODUCT_NAME = "Meme Maker";
				PROVISIONING_PROFILE = "";
				PROVISIONING_PROFILE_SPECIFIER = "";
				SWIFT_OBJC_BRIDGING_HEADER = "Meme Maker Mac/Meme Maker Mac-Bridging-Header.h";
				SWIFT_VERSION = 3.0;
			};
			name = Release;
		};
		59490AF11CEF274A00679BE2 /* Debug */ = {
			isa = XCBuildConfiguration;
			baseConfigurationReference = 50F06C18395B11A0DBFB525C /* Pods-Meme MakerTests.debug.xcconfig */;
			buildSettings = {
				BUNDLE_LOADER = "$(TEST_HOST)";
				COMBINE_HIDPI_IMAGES = YES;
				INFOPLIST_FILE = "Meme Maker MacTests/Info.plist";
				LD_RUNPATH_SEARCH_PATHS = "$(inherited) @executable_path/../Frameworks @loader_path/../Frameworks";
				PRODUCT_BUNDLE_IDENTIFIER = "com.avikantz.Meme-Maker-MacTests";
				PRODUCT_NAME = "Meme Maker";
				SWIFT_VERSION = 3.0;
				TEST_HOST = "$(BUILT_PRODUCTS_DIR)/Meme Maker.app/Contents/MacOS/Meme Maker";
			};
			name = Debug;
		};
		59490AF21CEF274A00679BE2 /* Release */ = {
			isa = XCBuildConfiguration;
			baseConfigurationReference = E187151BA85533402BA65D27 /* Pods-Meme MakerTests.release.xcconfig */;
			buildSettings = {
				BUNDLE_LOADER = "$(TEST_HOST)";
				COMBINE_HIDPI_IMAGES = YES;
				INFOPLIST_FILE = "Meme Maker MacTests/Info.plist";
				LD_RUNPATH_SEARCH_PATHS = "$(inherited) @executable_path/../Frameworks @loader_path/../Frameworks";
				PRODUCT_BUNDLE_IDENTIFIER = "com.avikantz.Meme-Maker-MacTests";
				PRODUCT_NAME = "Meme Maker";
				SWIFT_VERSION = 3.0;
				TEST_HOST = "$(BUILT_PRODUCTS_DIR)/Meme Maker.app/Contents/MacOS/Meme Maker";
			};
			name = Release;
		};
		59490AF41CEF274A00679BE2 /* Debug */ = {
			isa = XCBuildConfiguration;
			baseConfigurationReference = BA089198BB1D4B2245ACDE70 /* Pods-Meme MakerUITests.debug.xcconfig */;
			buildSettings = {
				COMBINE_HIDPI_IMAGES = YES;
				INFOPLIST_FILE = "Meme Maker MacUITests/Info.plist";
				LD_RUNPATH_SEARCH_PATHS = "$(inherited) @executable_path/../Frameworks @loader_path/../Frameworks";
				PRODUCT_BUNDLE_IDENTIFIER = "com.avikantz.Meme-Maker-MacUITests";
				PRODUCT_NAME = "Meme Maker";
				SWIFT_VERSION = 3.0;
				TEST_TARGET_NAME = "Meme Maker Mac";
			};
			name = Debug;
		};
		59490AF51CEF274A00679BE2 /* Release */ = {
			isa = XCBuildConfiguration;
			baseConfigurationReference = 91CC70FC4E674B8E853CE337 /* Pods-Meme MakerUITests.release.xcconfig */;
			buildSettings = {
				COMBINE_HIDPI_IMAGES = YES;
				INFOPLIST_FILE = "Meme Maker MacUITests/Info.plist";
				LD_RUNPATH_SEARCH_PATHS = "$(inherited) @executable_path/../Frameworks @loader_path/../Frameworks";
				PRODUCT_BUNDLE_IDENTIFIER = "com.avikantz.Meme-Maker-MacUITests";
				PRODUCT_NAME = "Meme Maker";
				SWIFT_VERSION = 3.0;
				TEST_TARGET_NAME = "Meme Maker Mac";
			};
			name = Release;
		};
/* End XCBuildConfiguration section */

/* Begin XCConfigurationList section */
		59490AC01CEF274A00679BE2 /* Build configuration list for PBXProject "Meme Maker" */ = {
			isa = XCConfigurationList;
			buildConfigurations = (
				59490AEB1CEF274A00679BE2 /* Debug */,
				59490AEC1CEF274A00679BE2 /* Release */,
			);
			defaultConfigurationIsVisible = 0;
			defaultConfigurationName = Release;
		};
		59490AED1CEF274A00679BE2 /* Build configuration list for PBXNativeTarget "Meme Maker" */ = {
			isa = XCConfigurationList;
			buildConfigurations = (
				59490AEE1CEF274A00679BE2 /* Debug */,
				59490AEF1CEF274A00679BE2 /* Release */,
			);
			defaultConfigurationIsVisible = 0;
			defaultConfigurationName = Release;
		};
		59490AF01CEF274A00679BE2 /* Build configuration list for PBXNativeTarget "Meme MakerTests" */ = {
			isa = XCConfigurationList;
			buildConfigurations = (
				59490AF11CEF274A00679BE2 /* Debug */,
				59490AF21CEF274A00679BE2 /* Release */,
			);
			defaultConfigurationIsVisible = 0;
			defaultConfigurationName = Release;
		};
		59490AF31CEF274A00679BE2 /* Build configuration list for PBXNativeTarget "Meme MakerUITests" */ = {
			isa = XCConfigurationList;
			buildConfigurations = (
				59490AF41CEF274A00679BE2 /* Debug */,
				59490AF51CEF274A00679BE2 /* Release */,
			);
			defaultConfigurationIsVisible = 0;
			defaultConfigurationName = Release;
		};
/* End XCConfigurationList section */

/* Begin XCVersionGroup section */
		59490ACC1CEF274A00679BE2 /* Meme_Maker_Mac.xcdatamodeld */ = {
			isa = XCVersionGroup;
			children = (
				59490ACD1CEF274A00679BE2 /* Meme_Maker_Mac.xcdatamodel */,
			);
			currentVersion = 59490ACD1CEF274A00679BE2 /* Meme_Maker_Mac.xcdatamodel */;
			path = Meme_Maker_Mac.xcdatamodeld;
			sourceTree = "<group>";
			versionGroupType = wrapper.xcdatamodel;
		};
/* End XCVersionGroup section */
	};
	rootObject = 59490ABD1CEF274A00679BE2 /* Project object */;
}
